
Microsoft Visual Studio Solution File, Format Version 12.00
# Visual Studio Version 16
VisualStudioVersion = 16.0.29519.87
MinimumVisualStudioVersion = 10.0.40219.1
Project("{9A19103F-16F7-4668-BE54-9A1E7A4F7556}") = "Colecciones01ArrayList", "ColeccionesArrayList\Colecciones01ArrayList.csproj", "{B14E6E69-B482-439A-B355-F251AA519230}"
EndProject
Project("{2150E333-8FDC-42A3-9474-1A3956D46DE8}") = "01Colecciones", "01Colecciones", "{81C0A5A3-BEE4-4B32-9F66-A2358464B7A5}"
EndProject
Project("{9A19103F-16F7-4668-BE54-9A1E7A4F7556}") = "Colecciones01BitArray", "Colecciones01BitArray\Colecciones01BitArray.csproj", "{89D534B1-5D6E-4634-9369-E055E0451202}"
EndProject
Project("{9A19103F-16F7-4668-BE54-9A1E7A4F7556}") = "Colecciones01HashTable", "Colecciones01HashTable\Colecciones01HashTable.csproj", "{BF3F1068-02F7-45CA-8973-9AC32A201FF6}"
EndProject
Project("{9A19103F-16F7-4668-BE54-9A1E7A4F7556}") = "Colecciones01Queue", "Colecciones01Queue\Colecciones01Queue.csproj", "{51152B5A-799E-468A-BFB7-8D44CA7EB34E}"
EndProject
Project("{9A19103F-16F7-4668-BE54-9A1E7A4F7556}") = "Colecciones01SortedList", "Colecciones01SortedList\Colecciones01SortedList.csproj", "{65B3FC69-2BDA-4FD1-8A02-EDC73F02D8EF}"
EndProject
Project("{9A19103F-16F7-4668-BE54-9A1E7A4F7556}") = "Colecciones01Stack", "Colecciones01Stack\Colecciones01Stack.csproj", "{2B03EE4F-485F-4C7F-9581-C229FA6C3CB7}"
EndProject
Project("{9A19103F-16F7-4668-BE54-9A1E7A4F7556}") = "Colecciones02", "Colecciones02\Colecciones02.csproj", "{334F02F8-3133-4290-99E7-BA6960A59B70}"
EndProject
Project("{9A19103F-16F7-4668-BE54-9A1E7A4F7556}") = "Colecciones03", "Colecciones03\Colecciones03.csproj", "{9D2DAA0B-E2CC-48EE-AA13-51404361FB20}"
EndProject
Project("{9A19103F-16F7-4668-BE54-9A1E7A4F7556}") = "Colecciones04", "Colecciones04\Colecciones04.csproj", "{49CB93A8-2DC2-4898-9D83-599C23D253B7}"
EndProject
Project("{9A19103F-16F7-4668-BE54-9A1E7A4F7556}") = "Colecciones05", "Colecciones05\Colecciones05.csproj", "{AB6A3B75-39EC-48E7-9303-26A027558459}"
EndProject
Project("{9A19103F-16F7-4668-BE54-9A1E7A4F7556}") = "Colecciones06", "Colecciones06\Colecciones06.csproj", "{FAE669A2-2548-4782-9D00-BEBBEF507064}"
EndProject
Project("{9A19103F-16F7-4668-BE54-9A1E7A4F7556}") = "Colecciones07", "Colecciones07\Colecciones07.csproj", "{CC5B56D0-F743-4B2B-9D2E-D48327F6E754}"
EndProject
Project("{2150E333-8FDC-42A3-9474-1A3956D46DE8}") = "02Genericos", "02Genericos", "{89D54EEA-630E-4513-A239-F28050A13D7A}"
EndProject
Project("{9A19103F-16F7-4668-BE54-9A1E7A4F7556}") = "__VarNulleable", "__VarNulleable\__VarNulleable.csproj", "{F7B4877F-8B72-4A67-8F75-3D086CF19B2C}"
EndProject
Project("{9A19103F-16F7-4668-BE54-9A1E7A4F7556}") = "_Dynamic", "_Dynamic\_Dynamic.csproj", "{24D844F8-9C5E-44BE-B798-0A460B0B5704}"
EndProject
Project("{9A19103F-16F7-4668-BE54-9A1E7A4F7556}") = "_MetodosGenericos01", "_MetodosGenericos01\_MetodosGenericos01.csproj", "{EBD38C9A-1FE3-40B2-A7C1-FA9852594001}"
EndProject
Project("{9A19103F-16F7-4668-BE54-9A1E7A4F7556}") = "ClasesGenericas01", "ClasesGenericas01\ClasesGenericas01.csproj", "{278A428D-3B1E-4A31-AFB0-1A247754ED0E}"
EndProject
Project("{9A19103F-16F7-4668-BE54-9A1E7A4F7556}") = "ClasesGenericas02", "ClasesGenericas02\ClasesGenericas02.csproj", "{41ABC0A3-1E2C-4DB5-A7B8-B167B8F22110}"
EndProject
Project("{2150E333-8FDC-42A3-9474-1A3956D46DE8}") = "03Lambda", "03Lambda", "{39DFF5F3-2CBC-40E4-9B4F-F837C4BEA840}"
EndProject
Project("{9A19103F-16F7-4668-BE54-9A1E7A4F7556}") = "DelegadoGenerico01", "DelegadoGenerico01\DelegadoGenerico01.csproj", "{55B8CCA8-F3BE-49F2-8458-AB5211041FF3}"
EndProject
Project("{9A19103F-16F7-4668-BE54-9A1E7A4F7556}") = "Action_Func02", "Action_Func02\Action_Func02.csproj", "{D11393F5-926B-4923-AAC6-72A11BFA7026}"
EndProject
Project("{9A19103F-16F7-4668-BE54-9A1E7A4F7556}") = "MetodoAnonimo03", "MetodoAnonimo03\MetodoAnonimo03.csproj", "{60945947-C299-4F53-B56F-575E48028D49}"
EndProject
Project("{9A19103F-16F7-4668-BE54-9A1E7A4F7556}") = "Lambda01", "Lambda01\Lambda01.csproj", "{43F70F73-896E-4C8B-A832-1E55BFBF6DFF}"
EndProject
Project("{9A19103F-16F7-4668-BE54-9A1E7A4F7556}") = "Lambda02", "Lambda02\Lambda02.csproj", "{CD62E24D-D954-4612-B77B-7B091864FCC0}"
EndProject
Project("{9A19103F-16F7-4668-BE54-9A1E7A4F7556}") = "Lambda03", "Lambda03\Lambda03.csproj", "{DB17605D-6C97-4395-B9E0-D01BE135C416}"
EndProject
Project("{2150E333-8FDC-42A3-9474-1A3956D46DE8}") = "04TrabajoConMetodos", "04TrabajoConMetodos", "{74EE3A5B-B0B5-49B0-B971-A190594E24C1}"
EndProject
Project("{9A19103F-16F7-4668-BE54-9A1E7A4F7556}") = "ConversionExplicita01", "ConversionExplicita01\ConversionExplicita01.csproj", "{F33D4D0C-24D6-49E4-A1DD-53447E745617}"
EndProject
Project("{9A19103F-16F7-4668-BE54-9A1E7A4F7556}") = "ConversionImplicita02", "ConversionImplicita02\ConversionImplicita02.csproj", "{36E8A836-3C6D-4C13-BE73-0B224FBFBC7E}"
EndProject
Project("{9A19103F-16F7-4668-BE54-9A1E7A4F7556}") = "TiposAnonimos04", "TiposAnonimos04\TiposAnonimos04.csproj", "{64E239D0-6804-44EB-BD3B-CD878A2A7514}"
EndProject
Project("{9A19103F-16F7-4668-BE54-9A1E7A4F7556}") = "MetodoExtension03", "MetodoExtension03\MetodoExtension03.csproj", "{679176D4-5290-400B-A051-401FAB8B7206}"
EndProject
Project("{9A19103F-16F7-4668-BE54-9A1E7A4F7556}") = "Apuntadores", "Apuntadores\Apuntadores.csproj", "{198381D6-50DB-4C45-86E9-986B7893C9B8}"
EndProject
Project("{2150E333-8FDC-42A3-9474-1A3956D46DE8}") = "05Interfaces", "05Interfaces", "{FD3EF453-C820-4896-9CA9-7C56D0B19750}"
EndProject
Project("{9A19103F-16F7-4668-BE54-9A1E7A4F7556}") = "Interfaces01", "Interfaces01\Interfaces01.csproj", "{6E1A5321-C064-406D-A0A4-0EE8B3423F36}"
EndProject
Project("{9A19103F-16F7-4668-BE54-9A1E7A4F7556}") = "Interfaces02", "Interfaces02\Interfaces02.csproj", "{E32517B8-8D8D-404B-8CF7-603481E72B16}"
EndProject
Project("{9A19103F-16F7-4668-BE54-9A1E7A4F7556}") = "Interfaces03", "Interfaces03\Interfaces03.csproj", "{702168AC-1461-4FF7-8668-2A4A605F193A}"
EndProject
Project("{9A19103F-16F7-4668-BE54-9A1E7A4F7556}") = "Interfaces04", "Interfaces04\Interfaces04.csproj", "{F4B4969E-52A0-429B-A806-771D264CD439}"
EndProject
Project("{2150E333-8FDC-42A3-9474-1A3956D46DE8}") = "06Excepciones", "06Excepciones", "{38E1D633-4EF6-4CB0-AC3B-D79A6F6800CA}"
EndProject
Project("{9A19103F-16F7-4668-BE54-9A1E7A4F7556}") = "Excepcion01", "Excepcion01\Excepcion01.csproj", "{71D8C233-C054-474C-ABB7-407873EB1A3C}"
EndProject
Project("{9A19103F-16F7-4668-BE54-9A1E7A4F7556}") = "Excepcion02", "Excepciones02\Excepcion02.csproj", "{E0D997F2-74E7-4E5D-842B-E13B60FD20B9}"
EndProject
Project("{9A19103F-16F7-4668-BE54-9A1E7A4F7556}") = "Excepcion03", "Excepcion03\Excepcion03.csproj", "{D2DD70C6-EB32-4358-9F86-B28B505488EF}"
EndProject
Project("{2150E333-8FDC-42A3-9474-1A3956D46DE8}") = "07ObjectLifeTime", "07ObjectLifeTime", "{CA6333C0-FE33-4C3D-85B4-40612B3B59E5}"
EndProject
Project("{9A19103F-16F7-4668-BE54-9A1E7A4F7556}") = "ObjectLifeTime01", "ObjectLifeTime01\ObjectLifeTime01.csproj", "{DD872E04-E664-4CC4-9717-67309099D83A}"
EndProject
Project("{9A19103F-16F7-4668-BE54-9A1E7A4F7556}") = "DisposableObjects02", "DisposableObjects02\DisposableObjects02.csproj", "{D6AC0B7E-C836-4689-BC77-DB491EEF488A}"
EndProject
Project("{9A19103F-16F7-4668-BE54-9A1E7A4F7556}") = "FinalizableDisposable03", "FinalizableDisposable03\FinalizableDisposable03.csproj", "{014FBF75-DBFE-4677-BBA0-1F35B8C24ADA}"
EndProject
Project("{2150E333-8FDC-42A3-9474-1A3956D46DE8}") = "08Assemblies", "08Assemblies", "{725FA3E4-5F04-423D-9FA8-41EC32295831}"
EndProject
Project("{9A19103F-16F7-4668-BE54-9A1E7A4F7556}") = "Namespace01", "Namespace01\Namespace01.csproj", "{89630067-8D92-4AB2-8231-338D7DBCB76A}"
EndProject
Project("{9A19103F-16F7-4668-BE54-9A1E7A4F7556}") = "Namespace02", "Namespace02\Namespace02.csproj", "{B9E8A6F7-1F18-4D71-A1BC-CEAC58932162}"
EndProject
Project("{9A19103F-16F7-4668-BE54-9A1E7A4F7556}") = "Namespace03", "Namespace03\Namespace03.csproj", "{97BEBA78-7237-495C-AE3D-12DAD3132C14}"
EndProject
Project("{FAE04EC0-301F-11D3-BF4B-00C04F79EFBC}") = "Aritmetica", "Aritmetica\Aritmetica.csproj", "{06853D3B-4D2F-4BC5-B988-9F5CB86A553B}"
EndProject
Project("{FAE04EC0-301F-11D3-BF4B-00C04F79EFBC}") = "Namespace04Base", "Namespace04Base\Namespace04Base.csproj", "{EC3C0D28-3230-4988-877B-2786BBCE42B8}"
EndProject
Project("{FAE04EC0-301F-11D3-BF4B-00C04F79EFBC}") = "Namespace06", "Namespace06\Namespace06.csproj", "{B17B154A-FE86-4415-83D7-3351BA635970}"
EndProject
Project("{2150E333-8FDC-42A3-9474-1A3956D46DE8}") = "09Reflection", "09Reflection", "{3B5848B7-81FD-47E6-85F3-3747D1FF7691}"
EndProject
Global
	GlobalSection(SolutionConfigurationPlatforms) = preSolution
		Debug|Any CPU = Debug|Any CPU
		Debug|ARM = Debug|ARM
		Debug|ARM64 = Debug|ARM64
		Debug|x64 = Debug|x64
		Debug|x86 = Debug|x86
		Release|Any CPU = Release|Any CPU
		Release|ARM = Release|ARM
		Release|ARM64 = Release|ARM64
		Release|x64 = Release|x64
		Release|x86 = Release|x86
	EndGlobalSection
	GlobalSection(ProjectConfigurationPlatforms) = postSolution
		{B14E6E69-B482-439A-B355-F251AA519230}.Debug|Any CPU.ActiveCfg = Debug|Any CPU
		{B14E6E69-B482-439A-B355-F251AA519230}.Debug|Any CPU.Build.0 = Debug|Any CPU
		{B14E6E69-B482-439A-B355-F251AA519230}.Debug|ARM.ActiveCfg = Debug|Any CPU
		{B14E6E69-B482-439A-B355-F251AA519230}.Debug|ARM.Build.0 = Debug|Any CPU
		{B14E6E69-B482-439A-B355-F251AA519230}.Debug|ARM64.ActiveCfg = Debug|Any CPU
		{B14E6E69-B482-439A-B355-F251AA519230}.Debug|ARM64.Build.0 = Debug|Any CPU
		{B14E6E69-B482-439A-B355-F251AA519230}.Debug|x64.ActiveCfg = Debug|Any CPU
		{B14E6E69-B482-439A-B355-F251AA519230}.Debug|x64.Build.0 = Debug|Any CPU
		{B14E6E69-B482-439A-B355-F251AA519230}.Debug|x86.ActiveCfg = Debug|Any CPU
		{B14E6E69-B482-439A-B355-F251AA519230}.Debug|x86.Build.0 = Debug|Any CPU
		{B14E6E69-B482-439A-B355-F251AA519230}.Release|Any CPU.ActiveCfg = Release|Any CPU
		{B14E6E69-B482-439A-B355-F251AA519230}.Release|Any CPU.Build.0 = Release|Any CPU
		{B14E6E69-B482-439A-B355-F251AA519230}.Release|ARM.ActiveCfg = Release|Any CPU
		{B14E6E69-B482-439A-B355-F251AA519230}.Release|ARM.Build.0 = Release|Any CPU
		{B14E6E69-B482-439A-B355-F251AA519230}.Release|ARM64.ActiveCfg = Release|Any CPU
		{B14E6E69-B482-439A-B355-F251AA519230}.Release|ARM64.Build.0 = Release|Any CPU
		{B14E6E69-B482-439A-B355-F251AA519230}.Release|x64.ActiveCfg = Release|Any CPU
		{B14E6E69-B482-439A-B355-F251AA519230}.Release|x64.Build.0 = Release|Any CPU
		{B14E6E69-B482-439A-B355-F251AA519230}.Release|x86.ActiveCfg = Release|Any CPU
		{B14E6E69-B482-439A-B355-F251AA519230}.Release|x86.Build.0 = Release|Any CPU
		{89D534B1-5D6E-4634-9369-E055E0451202}.Debug|Any CPU.ActiveCfg = Debug|Any CPU
		{89D534B1-5D6E-4634-9369-E055E0451202}.Debug|Any CPU.Build.0 = Debug|Any CPU
		{89D534B1-5D6E-4634-9369-E055E0451202}.Debug|ARM.ActiveCfg = Debug|Any CPU
		{89D534B1-5D6E-4634-9369-E055E0451202}.Debug|ARM.Build.0 = Debug|Any CPU
		{89D534B1-5D6E-4634-9369-E055E0451202}.Debug|ARM64.ActiveCfg = Debug|Any CPU
		{89D534B1-5D6E-4634-9369-E055E0451202}.Debug|ARM64.Build.0 = Debug|Any CPU
		{89D534B1-5D6E-4634-9369-E055E0451202}.Debug|x64.ActiveCfg = Debug|Any CPU
		{89D534B1-5D6E-4634-9369-E055E0451202}.Debug|x64.Build.0 = Debug|Any CPU
		{89D534B1-5D6E-4634-9369-E055E0451202}.Debug|x86.ActiveCfg = Debug|Any CPU
		{89D534B1-5D6E-4634-9369-E055E0451202}.Debug|x86.Build.0 = Debug|Any CPU
		{89D534B1-5D6E-4634-9369-E055E0451202}.Release|Any CPU.ActiveCfg = Release|Any CPU
		{89D534B1-5D6E-4634-9369-E055E0451202}.Release|Any CPU.Build.0 = Release|Any CPU
		{89D534B1-5D6E-4634-9369-E055E0451202}.Release|ARM.ActiveCfg = Release|Any CPU
		{89D534B1-5D6E-4634-9369-E055E0451202}.Release|ARM.Build.0 = Release|Any CPU
		{89D534B1-5D6E-4634-9369-E055E0451202}.Release|ARM64.ActiveCfg = Release|Any CPU
		{89D534B1-5D6E-4634-9369-E055E0451202}.Release|ARM64.Build.0 = Release|Any CPU
		{89D534B1-5D6E-4634-9369-E055E0451202}.Release|x64.ActiveCfg = Release|Any CPU
		{89D534B1-5D6E-4634-9369-E055E0451202}.Release|x64.Build.0 = Release|Any CPU
		{89D534B1-5D6E-4634-9369-E055E0451202}.Release|x86.ActiveCfg = Release|Any CPU
		{89D534B1-5D6E-4634-9369-E055E0451202}.Release|x86.Build.0 = Release|Any CPU
		{BF3F1068-02F7-45CA-8973-9AC32A201FF6}.Debug|Any CPU.ActiveCfg = Debug|Any CPU
		{BF3F1068-02F7-45CA-8973-9AC32A201FF6}.Debug|Any CPU.Build.0 = Debug|Any CPU
		{BF3F1068-02F7-45CA-8973-9AC32A201FF6}.Debug|ARM.ActiveCfg = Debug|Any CPU
		{BF3F1068-02F7-45CA-8973-9AC32A201FF6}.Debug|ARM.Build.0 = Debug|Any CPU
		{BF3F1068-02F7-45CA-8973-9AC32A201FF6}.Debug|ARM64.ActiveCfg = Debug|Any CPU
		{BF3F1068-02F7-45CA-8973-9AC32A201FF6}.Debug|ARM64.Build.0 = Debug|Any CPU
		{BF3F1068-02F7-45CA-8973-9AC32A201FF6}.Debug|x64.ActiveCfg = Debug|Any CPU
		{BF3F1068-02F7-45CA-8973-9AC32A201FF6}.Debug|x64.Build.0 = Debug|Any CPU
		{BF3F1068-02F7-45CA-8973-9AC32A201FF6}.Debug|x86.ActiveCfg = Debug|Any CPU
		{BF3F1068-02F7-45CA-8973-9AC32A201FF6}.Debug|x86.Build.0 = Debug|Any CPU
		{BF3F1068-02F7-45CA-8973-9AC32A201FF6}.Release|Any CPU.ActiveCfg = Release|Any CPU
		{BF3F1068-02F7-45CA-8973-9AC32A201FF6}.Release|Any CPU.Build.0 = Release|Any CPU
		{BF3F1068-02F7-45CA-8973-9AC32A201FF6}.Release|ARM.ActiveCfg = Release|Any CPU
		{BF3F1068-02F7-45CA-8973-9AC32A201FF6}.Release|ARM.Build.0 = Release|Any CPU
		{BF3F1068-02F7-45CA-8973-9AC32A201FF6}.Release|ARM64.ActiveCfg = Release|Any CPU
		{BF3F1068-02F7-45CA-8973-9AC32A201FF6}.Release|ARM64.Build.0 = Release|Any CPU
		{BF3F1068-02F7-45CA-8973-9AC32A201FF6}.Release|x64.ActiveCfg = Release|Any CPU
		{BF3F1068-02F7-45CA-8973-9AC32A201FF6}.Release|x64.Build.0 = Release|Any CPU
		{BF3F1068-02F7-45CA-8973-9AC32A201FF6}.Release|x86.ActiveCfg = Release|Any CPU
		{BF3F1068-02F7-45CA-8973-9AC32A201FF6}.Release|x86.Build.0 = Release|Any CPU
		{51152B5A-799E-468A-BFB7-8D44CA7EB34E}.Debug|Any CPU.ActiveCfg = Debug|Any CPU
		{51152B5A-799E-468A-BFB7-8D44CA7EB34E}.Debug|Any CPU.Build.0 = Debug|Any CPU
		{51152B5A-799E-468A-BFB7-8D44CA7EB34E}.Debug|ARM.ActiveCfg = Debug|Any CPU
		{51152B5A-799E-468A-BFB7-8D44CA7EB34E}.Debug|ARM.Build.0 = Debug|Any CPU
		{51152B5A-799E-468A-BFB7-8D44CA7EB34E}.Debug|ARM64.ActiveCfg = Debug|Any CPU
		{51152B5A-799E-468A-BFB7-8D44CA7EB34E}.Debug|ARM64.Build.0 = Debug|Any CPU
		{51152B5A-799E-468A-BFB7-8D44CA7EB34E}.Debug|x64.ActiveCfg = Debug|Any CPU
		{51152B5A-799E-468A-BFB7-8D44CA7EB34E}.Debug|x64.Build.0 = Debug|Any CPU
		{51152B5A-799E-468A-BFB7-8D44CA7EB34E}.Debug|x86.ActiveCfg = Debug|Any CPU
		{51152B5A-799E-468A-BFB7-8D44CA7EB34E}.Debug|x86.Build.0 = Debug|Any CPU
		{51152B5A-799E-468A-BFB7-8D44CA7EB34E}.Release|Any CPU.ActiveCfg = Release|Any CPU
		{51152B5A-799E-468A-BFB7-8D44CA7EB34E}.Release|Any CPU.Build.0 = Release|Any CPU
		{51152B5A-799E-468A-BFB7-8D44CA7EB34E}.Release|ARM.ActiveCfg = Release|Any CPU
		{51152B5A-799E-468A-BFB7-8D44CA7EB34E}.Release|ARM.Build.0 = Release|Any CPU
		{51152B5A-799E-468A-BFB7-8D44CA7EB34E}.Release|ARM64.ActiveCfg = Release|Any CPU
		{51152B5A-799E-468A-BFB7-8D44CA7EB34E}.Release|ARM64.Build.0 = Release|Any CPU
		{51152B5A-799E-468A-BFB7-8D44CA7EB34E}.Release|x64.ActiveCfg = Release|Any CPU
		{51152B5A-799E-468A-BFB7-8D44CA7EB34E}.Release|x64.Build.0 = Release|Any CPU
		{51152B5A-799E-468A-BFB7-8D44CA7EB34E}.Release|x86.ActiveCfg = Release|Any CPU
		{51152B5A-799E-468A-BFB7-8D44CA7EB34E}.Release|x86.Build.0 = Release|Any CPU
		{65B3FC69-2BDA-4FD1-8A02-EDC73F02D8EF}.Debug|Any CPU.ActiveCfg = Debug|Any CPU
		{65B3FC69-2BDA-4FD1-8A02-EDC73F02D8EF}.Debug|Any CPU.Build.0 = Debug|Any CPU
		{65B3FC69-2BDA-4FD1-8A02-EDC73F02D8EF}.Debug|ARM.ActiveCfg = Debug|Any CPU
		{65B3FC69-2BDA-4FD1-8A02-EDC73F02D8EF}.Debug|ARM.Build.0 = Debug|Any CPU
		{65B3FC69-2BDA-4FD1-8A02-EDC73F02D8EF}.Debug|ARM64.ActiveCfg = Debug|Any CPU
		{65B3FC69-2BDA-4FD1-8A02-EDC73F02D8EF}.Debug|ARM64.Build.0 = Debug|Any CPU
		{65B3FC69-2BDA-4FD1-8A02-EDC73F02D8EF}.Debug|x64.ActiveCfg = Debug|Any CPU
		{65B3FC69-2BDA-4FD1-8A02-EDC73F02D8EF}.Debug|x64.Build.0 = Debug|Any CPU
		{65B3FC69-2BDA-4FD1-8A02-EDC73F02D8EF}.Debug|x86.ActiveCfg = Debug|Any CPU
		{65B3FC69-2BDA-4FD1-8A02-EDC73F02D8EF}.Debug|x86.Build.0 = Debug|Any CPU
		{65B3FC69-2BDA-4FD1-8A02-EDC73F02D8EF}.Release|Any CPU.ActiveCfg = Release|Any CPU
		{65B3FC69-2BDA-4FD1-8A02-EDC73F02D8EF}.Release|Any CPU.Build.0 = Release|Any CPU
		{65B3FC69-2BDA-4FD1-8A02-EDC73F02D8EF}.Release|ARM.ActiveCfg = Release|Any CPU
		{65B3FC69-2BDA-4FD1-8A02-EDC73F02D8EF}.Release|ARM.Build.0 = Release|Any CPU
		{65B3FC69-2BDA-4FD1-8A02-EDC73F02D8EF}.Release|ARM64.ActiveCfg = Release|Any CPU
		{65B3FC69-2BDA-4FD1-8A02-EDC73F02D8EF}.Release|ARM64.Build.0 = Release|Any CPU
		{65B3FC69-2BDA-4FD1-8A02-EDC73F02D8EF}.Release|x64.ActiveCfg = Release|Any CPU
		{65B3FC69-2BDA-4FD1-8A02-EDC73F02D8EF}.Release|x64.Build.0 = Release|Any CPU
		{65B3FC69-2BDA-4FD1-8A02-EDC73F02D8EF}.Release|x86.ActiveCfg = Release|Any CPU
		{65B3FC69-2BDA-4FD1-8A02-EDC73F02D8EF}.Release|x86.Build.0 = Release|Any CPU
		{2B03EE4F-485F-4C7F-9581-C229FA6C3CB7}.Debug|Any CPU.ActiveCfg = Debug|Any CPU
		{2B03EE4F-485F-4C7F-9581-C229FA6C3CB7}.Debug|Any CPU.Build.0 = Debug|Any CPU
		{2B03EE4F-485F-4C7F-9581-C229FA6C3CB7}.Debug|ARM.ActiveCfg = Debug|Any CPU
		{2B03EE4F-485F-4C7F-9581-C229FA6C3CB7}.Debug|ARM.Build.0 = Debug|Any CPU
		{2B03EE4F-485F-4C7F-9581-C229FA6C3CB7}.Debug|ARM64.ActiveCfg = Debug|Any CPU
		{2B03EE4F-485F-4C7F-9581-C229FA6C3CB7}.Debug|ARM64.Build.0 = Debug|Any CPU
		{2B03EE4F-485F-4C7F-9581-C229FA6C3CB7}.Debug|x64.ActiveCfg = Debug|Any CPU
		{2B03EE4F-485F-4C7F-9581-C229FA6C3CB7}.Debug|x64.Build.0 = Debug|Any CPU
		{2B03EE4F-485F-4C7F-9581-C229FA6C3CB7}.Debug|x86.ActiveCfg = Debug|Any CPU
		{2B03EE4F-485F-4C7F-9581-C229FA6C3CB7}.Debug|x86.Build.0 = Debug|Any CPU
		{2B03EE4F-485F-4C7F-9581-C229FA6C3CB7}.Release|Any CPU.ActiveCfg = Release|Any CPU
		{2B03EE4F-485F-4C7F-9581-C229FA6C3CB7}.Release|Any CPU.Build.0 = Release|Any CPU
		{2B03EE4F-485F-4C7F-9581-C229FA6C3CB7}.Release|ARM.ActiveCfg = Release|Any CPU
		{2B03EE4F-485F-4C7F-9581-C229FA6C3CB7}.Release|ARM.Build.0 = Release|Any CPU
		{2B03EE4F-485F-4C7F-9581-C229FA6C3CB7}.Release|ARM64.ActiveCfg = Release|Any CPU
		{2B03EE4F-485F-4C7F-9581-C229FA6C3CB7}.Release|ARM64.Build.0 = Release|Any CPU
		{2B03EE4F-485F-4C7F-9581-C229FA6C3CB7}.Release|x64.ActiveCfg = Release|Any CPU
		{2B03EE4F-485F-4C7F-9581-C229FA6C3CB7}.Release|x64.Build.0 = Release|Any CPU
		{2B03EE4F-485F-4C7F-9581-C229FA6C3CB7}.Release|x86.ActiveCfg = Release|Any CPU
		{2B03EE4F-485F-4C7F-9581-C229FA6C3CB7}.Release|x86.Build.0 = Release|Any CPU
		{334F02F8-3133-4290-99E7-BA6960A59B70}.Debug|Any CPU.ActiveCfg = Debug|Any CPU
		{334F02F8-3133-4290-99E7-BA6960A59B70}.Debug|Any CPU.Build.0 = Debug|Any CPU
		{334F02F8-3133-4290-99E7-BA6960A59B70}.Debug|ARM.ActiveCfg = Debug|Any CPU
		{334F02F8-3133-4290-99E7-BA6960A59B70}.Debug|ARM.Build.0 = Debug|Any CPU
		{334F02F8-3133-4290-99E7-BA6960A59B70}.Debug|ARM64.ActiveCfg = Debug|Any CPU
		{334F02F8-3133-4290-99E7-BA6960A59B70}.Debug|ARM64.Build.0 = Debug|Any CPU
		{334F02F8-3133-4290-99E7-BA6960A59B70}.Debug|x64.ActiveCfg = Debug|Any CPU
		{334F02F8-3133-4290-99E7-BA6960A59B70}.Debug|x64.Build.0 = Debug|Any CPU
		{334F02F8-3133-4290-99E7-BA6960A59B70}.Debug|x86.ActiveCfg = Debug|Any CPU
		{334F02F8-3133-4290-99E7-BA6960A59B70}.Debug|x86.Build.0 = Debug|Any CPU
		{334F02F8-3133-4290-99E7-BA6960A59B70}.Release|Any CPU.ActiveCfg = Release|Any CPU
		{334F02F8-3133-4290-99E7-BA6960A59B70}.Release|Any CPU.Build.0 = Release|Any CPU
		{334F02F8-3133-4290-99E7-BA6960A59B70}.Release|ARM.ActiveCfg = Release|Any CPU
		{334F02F8-3133-4290-99E7-BA6960A59B70}.Release|ARM.Build.0 = Release|Any CPU
		{334F02F8-3133-4290-99E7-BA6960A59B70}.Release|ARM64.ActiveCfg = Release|Any CPU
		{334F02F8-3133-4290-99E7-BA6960A59B70}.Release|ARM64.Build.0 = Release|Any CPU
		{334F02F8-3133-4290-99E7-BA6960A59B70}.Release|x64.ActiveCfg = Release|Any CPU
		{334F02F8-3133-4290-99E7-BA6960A59B70}.Release|x64.Build.0 = Release|Any CPU
		{334F02F8-3133-4290-99E7-BA6960A59B70}.Release|x86.ActiveCfg = Release|Any CPU
		{334F02F8-3133-4290-99E7-BA6960A59B70}.Release|x86.Build.0 = Release|Any CPU
		{9D2DAA0B-E2CC-48EE-AA13-51404361FB20}.Debug|Any CPU.ActiveCfg = Debug|Any CPU
		{9D2DAA0B-E2CC-48EE-AA13-51404361FB20}.Debug|Any CPU.Build.0 = Debug|Any CPU
		{9D2DAA0B-E2CC-48EE-AA13-51404361FB20}.Debug|ARM.ActiveCfg = Debug|Any CPU
		{9D2DAA0B-E2CC-48EE-AA13-51404361FB20}.Debug|ARM.Build.0 = Debug|Any CPU
		{9D2DAA0B-E2CC-48EE-AA13-51404361FB20}.Debug|ARM64.ActiveCfg = Debug|Any CPU
		{9D2DAA0B-E2CC-48EE-AA13-51404361FB20}.Debug|ARM64.Build.0 = Debug|Any CPU
		{9D2DAA0B-E2CC-48EE-AA13-51404361FB20}.Debug|x64.ActiveCfg = Debug|Any CPU
		{9D2DAA0B-E2CC-48EE-AA13-51404361FB20}.Debug|x64.Build.0 = Debug|Any CPU
		{9D2DAA0B-E2CC-48EE-AA13-51404361FB20}.Debug|x86.ActiveCfg = Debug|Any CPU
		{9D2DAA0B-E2CC-48EE-AA13-51404361FB20}.Debug|x86.Build.0 = Debug|Any CPU
		{9D2DAA0B-E2CC-48EE-AA13-51404361FB20}.Release|Any CPU.ActiveCfg = Release|Any CPU
		{9D2DAA0B-E2CC-48EE-AA13-51404361FB20}.Release|Any CPU.Build.0 = Release|Any CPU
		{9D2DAA0B-E2CC-48EE-AA13-51404361FB20}.Release|ARM.ActiveCfg = Release|Any CPU
		{9D2DAA0B-E2CC-48EE-AA13-51404361FB20}.Release|ARM.Build.0 = Release|Any CPU
		{9D2DAA0B-E2CC-48EE-AA13-51404361FB20}.Release|ARM64.ActiveCfg = Release|Any CPU
		{9D2DAA0B-E2CC-48EE-AA13-51404361FB20}.Release|ARM64.Build.0 = Release|Any CPU
		{9D2DAA0B-E2CC-48EE-AA13-51404361FB20}.Release|x64.ActiveCfg = Release|Any CPU
		{9D2DAA0B-E2CC-48EE-AA13-51404361FB20}.Release|x64.Build.0 = Release|Any CPU
		{9D2DAA0B-E2CC-48EE-AA13-51404361FB20}.Release|x86.ActiveCfg = Release|Any CPU
		{9D2DAA0B-E2CC-48EE-AA13-51404361FB20}.Release|x86.Build.0 = Release|Any CPU
		{49CB93A8-2DC2-4898-9D83-599C23D253B7}.Debug|Any CPU.ActiveCfg = Debug|Any CPU
		{49CB93A8-2DC2-4898-9D83-599C23D253B7}.Debug|Any CPU.Build.0 = Debug|Any CPU
		{49CB93A8-2DC2-4898-9D83-599C23D253B7}.Debug|ARM.ActiveCfg = Debug|Any CPU
		{49CB93A8-2DC2-4898-9D83-599C23D253B7}.Debug|ARM.Build.0 = Debug|Any CPU
		{49CB93A8-2DC2-4898-9D83-599C23D253B7}.Debug|ARM64.ActiveCfg = Debug|Any CPU
		{49CB93A8-2DC2-4898-9D83-599C23D253B7}.Debug|ARM64.Build.0 = Debug|Any CPU
		{49CB93A8-2DC2-4898-9D83-599C23D253B7}.Debug|x64.ActiveCfg = Debug|Any CPU
		{49CB93A8-2DC2-4898-9D83-599C23D253B7}.Debug|x64.Build.0 = Debug|Any CPU
		{49CB93A8-2DC2-4898-9D83-599C23D253B7}.Debug|x86.ActiveCfg = Debug|Any CPU
		{49CB93A8-2DC2-4898-9D83-599C23D253B7}.Debug|x86.Build.0 = Debug|Any CPU
		{49CB93A8-2DC2-4898-9D83-599C23D253B7}.Release|Any CPU.ActiveCfg = Release|Any CPU
		{49CB93A8-2DC2-4898-9D83-599C23D253B7}.Release|Any CPU.Build.0 = Release|Any CPU
		{49CB93A8-2DC2-4898-9D83-599C23D253B7}.Release|ARM.ActiveCfg = Release|Any CPU
		{49CB93A8-2DC2-4898-9D83-599C23D253B7}.Release|ARM.Build.0 = Release|Any CPU
		{49CB93A8-2DC2-4898-9D83-599C23D253B7}.Release|ARM64.ActiveCfg = Release|Any CPU
		{49CB93A8-2DC2-4898-9D83-599C23D253B7}.Release|ARM64.Build.0 = Release|Any CPU
		{49CB93A8-2DC2-4898-9D83-599C23D253B7}.Release|x64.ActiveCfg = Release|Any CPU
		{49CB93A8-2DC2-4898-9D83-599C23D253B7}.Release|x64.Build.0 = Release|Any CPU
		{49CB93A8-2DC2-4898-9D83-599C23D253B7}.Release|x86.ActiveCfg = Release|Any CPU
		{49CB93A8-2DC2-4898-9D83-599C23D253B7}.Release|x86.Build.0 = Release|Any CPU
		{AB6A3B75-39EC-48E7-9303-26A027558459}.Debug|Any CPU.ActiveCfg = Debug|Any CPU
		{AB6A3B75-39EC-48E7-9303-26A027558459}.Debug|Any CPU.Build.0 = Debug|Any CPU
		{AB6A3B75-39EC-48E7-9303-26A027558459}.Debug|ARM.ActiveCfg = Debug|Any CPU
		{AB6A3B75-39EC-48E7-9303-26A027558459}.Debug|ARM.Build.0 = Debug|Any CPU
		{AB6A3B75-39EC-48E7-9303-26A027558459}.Debug|ARM64.ActiveCfg = Debug|Any CPU
		{AB6A3B75-39EC-48E7-9303-26A027558459}.Debug|ARM64.Build.0 = Debug|Any CPU
		{AB6A3B75-39EC-48E7-9303-26A027558459}.Debug|x64.ActiveCfg = Debug|Any CPU
		{AB6A3B75-39EC-48E7-9303-26A027558459}.Debug|x64.Build.0 = Debug|Any CPU
		{AB6A3B75-39EC-48E7-9303-26A027558459}.Debug|x86.ActiveCfg = Debug|Any CPU
		{AB6A3B75-39EC-48E7-9303-26A027558459}.Debug|x86.Build.0 = Debug|Any CPU
		{AB6A3B75-39EC-48E7-9303-26A027558459}.Release|Any CPU.ActiveCfg = Release|Any CPU
		{AB6A3B75-39EC-48E7-9303-26A027558459}.Release|Any CPU.Build.0 = Release|Any CPU
		{AB6A3B75-39EC-48E7-9303-26A027558459}.Release|ARM.ActiveCfg = Release|Any CPU
		{AB6A3B75-39EC-48E7-9303-26A027558459}.Release|ARM.Build.0 = Release|Any CPU
		{AB6A3B75-39EC-48E7-9303-26A027558459}.Release|ARM64.ActiveCfg = Release|Any CPU
		{AB6A3B75-39EC-48E7-9303-26A027558459}.Release|ARM64.Build.0 = Release|Any CPU
		{AB6A3B75-39EC-48E7-9303-26A027558459}.Release|x64.ActiveCfg = Release|Any CPU
		{AB6A3B75-39EC-48E7-9303-26A027558459}.Release|x64.Build.0 = Release|Any CPU
		{AB6A3B75-39EC-48E7-9303-26A027558459}.Release|x86.ActiveCfg = Release|Any CPU
		{AB6A3B75-39EC-48E7-9303-26A027558459}.Release|x86.Build.0 = Release|Any CPU
		{FAE669A2-2548-4782-9D00-BEBBEF507064}.Debug|Any CPU.ActiveCfg = Debug|Any CPU
		{FAE669A2-2548-4782-9D00-BEBBEF507064}.Debug|Any CPU.Build.0 = Debug|Any CPU
		{FAE669A2-2548-4782-9D00-BEBBEF507064}.Debug|ARM.ActiveCfg = Debug|Any CPU
		{FAE669A2-2548-4782-9D00-BEBBEF507064}.Debug|ARM.Build.0 = Debug|Any CPU
		{FAE669A2-2548-4782-9D00-BEBBEF507064}.Debug|ARM64.ActiveCfg = Debug|Any CPU
		{FAE669A2-2548-4782-9D00-BEBBEF507064}.Debug|ARM64.Build.0 = Debug|Any CPU
		{FAE669A2-2548-4782-9D00-BEBBEF507064}.Debug|x64.ActiveCfg = Debug|Any CPU
		{FAE669A2-2548-4782-9D00-BEBBEF507064}.Debug|x64.Build.0 = Debug|Any CPU
		{FAE669A2-2548-4782-9D00-BEBBEF507064}.Debug|x86.ActiveCfg = Debug|Any CPU
		{FAE669A2-2548-4782-9D00-BEBBEF507064}.Debug|x86.Build.0 = Debug|Any CPU
		{FAE669A2-2548-4782-9D00-BEBBEF507064}.Release|Any CPU.ActiveCfg = Release|Any CPU
		{FAE669A2-2548-4782-9D00-BEBBEF507064}.Release|Any CPU.Build.0 = Release|Any CPU
		{FAE669A2-2548-4782-9D00-BEBBEF507064}.Release|ARM.ActiveCfg = Release|Any CPU
		{FAE669A2-2548-4782-9D00-BEBBEF507064}.Release|ARM.Build.0 = Release|Any CPU
		{FAE669A2-2548-4782-9D00-BEBBEF507064}.Release|ARM64.ActiveCfg = Release|Any CPU
		{FAE669A2-2548-4782-9D00-BEBBEF507064}.Release|ARM64.Build.0 = Release|Any CPU
		{FAE669A2-2548-4782-9D00-BEBBEF507064}.Release|x64.ActiveCfg = Release|Any CPU
		{FAE669A2-2548-4782-9D00-BEBBEF507064}.Release|x64.Build.0 = Release|Any CPU
		{FAE669A2-2548-4782-9D00-BEBBEF507064}.Release|x86.ActiveCfg = Release|Any CPU
		{FAE669A2-2548-4782-9D00-BEBBEF507064}.Release|x86.Build.0 = Release|Any CPU
		{CC5B56D0-F743-4B2B-9D2E-D48327F6E754}.Debug|Any CPU.ActiveCfg = Debug|Any CPU
		{CC5B56D0-F743-4B2B-9D2E-D48327F6E754}.Debug|Any CPU.Build.0 = Debug|Any CPU
		{CC5B56D0-F743-4B2B-9D2E-D48327F6E754}.Debug|ARM.ActiveCfg = Debug|Any CPU
		{CC5B56D0-F743-4B2B-9D2E-D48327F6E754}.Debug|ARM.Build.0 = Debug|Any CPU
		{CC5B56D0-F743-4B2B-9D2E-D48327F6E754}.Debug|ARM64.ActiveCfg = Debug|Any CPU
		{CC5B56D0-F743-4B2B-9D2E-D48327F6E754}.Debug|ARM64.Build.0 = Debug|Any CPU
		{CC5B56D0-F743-4B2B-9D2E-D48327F6E754}.Debug|x64.ActiveCfg = Debug|Any CPU
		{CC5B56D0-F743-4B2B-9D2E-D48327F6E754}.Debug|x64.Build.0 = Debug|Any CPU
		{CC5B56D0-F743-4B2B-9D2E-D48327F6E754}.Debug|x86.ActiveCfg = Debug|Any CPU
		{CC5B56D0-F743-4B2B-9D2E-D48327F6E754}.Debug|x86.Build.0 = Debug|Any CPU
		{CC5B56D0-F743-4B2B-9D2E-D48327F6E754}.Release|Any CPU.ActiveCfg = Release|Any CPU
		{CC5B56D0-F743-4B2B-9D2E-D48327F6E754}.Release|Any CPU.Build.0 = Release|Any CPU
		{CC5B56D0-F743-4B2B-9D2E-D48327F6E754}.Release|ARM.ActiveCfg = Release|Any CPU
		{CC5B56D0-F743-4B2B-9D2E-D48327F6E754}.Release|ARM.Build.0 = Release|Any CPU
		{CC5B56D0-F743-4B2B-9D2E-D48327F6E754}.Release|ARM64.ActiveCfg = Release|Any CPU
		{CC5B56D0-F743-4B2B-9D2E-D48327F6E754}.Release|ARM64.Build.0 = Release|Any CPU
		{CC5B56D0-F743-4B2B-9D2E-D48327F6E754}.Release|x64.ActiveCfg = Release|Any CPU
		{CC5B56D0-F743-4B2B-9D2E-D48327F6E754}.Release|x64.Build.0 = Release|Any CPU
		{CC5B56D0-F743-4B2B-9D2E-D48327F6E754}.Release|x86.ActiveCfg = Release|Any CPU
		{CC5B56D0-F743-4B2B-9D2E-D48327F6E754}.Release|x86.Build.0 = Release|Any CPU
		{F7B4877F-8B72-4A67-8F75-3D086CF19B2C}.Debug|Any CPU.ActiveCfg = Debug|Any CPU
		{F7B4877F-8B72-4A67-8F75-3D086CF19B2C}.Debug|Any CPU.Build.0 = Debug|Any CPU
		{F7B4877F-8B72-4A67-8F75-3D086CF19B2C}.Debug|ARM.ActiveCfg = Debug|Any CPU
		{F7B4877F-8B72-4A67-8F75-3D086CF19B2C}.Debug|ARM.Build.0 = Debug|Any CPU
		{F7B4877F-8B72-4A67-8F75-3D086CF19B2C}.Debug|ARM64.ActiveCfg = Debug|Any CPU
		{F7B4877F-8B72-4A67-8F75-3D086CF19B2C}.Debug|ARM64.Build.0 = Debug|Any CPU
		{F7B4877F-8B72-4A67-8F75-3D086CF19B2C}.Debug|x64.ActiveCfg = Debug|Any CPU
		{F7B4877F-8B72-4A67-8F75-3D086CF19B2C}.Debug|x64.Build.0 = Debug|Any CPU
		{F7B4877F-8B72-4A67-8F75-3D086CF19B2C}.Debug|x86.ActiveCfg = Debug|Any CPU
		{F7B4877F-8B72-4A67-8F75-3D086CF19B2C}.Debug|x86.Build.0 = Debug|Any CPU
		{F7B4877F-8B72-4A67-8F75-3D086CF19B2C}.Release|Any CPU.ActiveCfg = Release|Any CPU
		{F7B4877F-8B72-4A67-8F75-3D086CF19B2C}.Release|Any CPU.Build.0 = Release|Any CPU
		{F7B4877F-8B72-4A67-8F75-3D086CF19B2C}.Release|ARM.ActiveCfg = Release|Any CPU
		{F7B4877F-8B72-4A67-8F75-3D086CF19B2C}.Release|ARM.Build.0 = Release|Any CPU
		{F7B4877F-8B72-4A67-8F75-3D086CF19B2C}.Release|ARM64.ActiveCfg = Release|Any CPU
		{F7B4877F-8B72-4A67-8F75-3D086CF19B2C}.Release|ARM64.Build.0 = Release|Any CPU
		{F7B4877F-8B72-4A67-8F75-3D086CF19B2C}.Release|x64.ActiveCfg = Release|Any CPU
		{F7B4877F-8B72-4A67-8F75-3D086CF19B2C}.Release|x64.Build.0 = Release|Any CPU
		{F7B4877F-8B72-4A67-8F75-3D086CF19B2C}.Release|x86.ActiveCfg = Release|Any CPU
		{F7B4877F-8B72-4A67-8F75-3D086CF19B2C}.Release|x86.Build.0 = Release|Any CPU
		{24D844F8-9C5E-44BE-B798-0A460B0B5704}.Debug|Any CPU.ActiveCfg = Debug|Any CPU
		{24D844F8-9C5E-44BE-B798-0A460B0B5704}.Debug|Any CPU.Build.0 = Debug|Any CPU
		{24D844F8-9C5E-44BE-B798-0A460B0B5704}.Debug|ARM.ActiveCfg = Debug|Any CPU
		{24D844F8-9C5E-44BE-B798-0A460B0B5704}.Debug|ARM.Build.0 = Debug|Any CPU
		{24D844F8-9C5E-44BE-B798-0A460B0B5704}.Debug|ARM64.ActiveCfg = Debug|Any CPU
		{24D844F8-9C5E-44BE-B798-0A460B0B5704}.Debug|ARM64.Build.0 = Debug|Any CPU
		{24D844F8-9C5E-44BE-B798-0A460B0B5704}.Debug|x64.ActiveCfg = Debug|Any CPU
		{24D844F8-9C5E-44BE-B798-0A460B0B5704}.Debug|x64.Build.0 = Debug|Any CPU
		{24D844F8-9C5E-44BE-B798-0A460B0B5704}.Debug|x86.ActiveCfg = Debug|Any CPU
		{24D844F8-9C5E-44BE-B798-0A460B0B5704}.Debug|x86.Build.0 = Debug|Any CPU
		{24D844F8-9C5E-44BE-B798-0A460B0B5704}.Release|Any CPU.ActiveCfg = Release|Any CPU
		{24D844F8-9C5E-44BE-B798-0A460B0B5704}.Release|Any CPU.Build.0 = Release|Any CPU
		{24D844F8-9C5E-44BE-B798-0A460B0B5704}.Release|ARM.ActiveCfg = Release|Any CPU
		{24D844F8-9C5E-44BE-B798-0A460B0B5704}.Release|ARM.Build.0 = Release|Any CPU
		{24D844F8-9C5E-44BE-B798-0A460B0B5704}.Release|ARM64.ActiveCfg = Release|Any CPU
		{24D844F8-9C5E-44BE-B798-0A460B0B5704}.Release|ARM64.Build.0 = Release|Any CPU
		{24D844F8-9C5E-44BE-B798-0A460B0B5704}.Release|x64.ActiveCfg = Release|Any CPU
		{24D844F8-9C5E-44BE-B798-0A460B0B5704}.Release|x64.Build.0 = Release|Any CPU
		{24D844F8-9C5E-44BE-B798-0A460B0B5704}.Release|x86.ActiveCfg = Release|Any CPU
		{24D844F8-9C5E-44BE-B798-0A460B0B5704}.Release|x86.Build.0 = Release|Any CPU
		{EBD38C9A-1FE3-40B2-A7C1-FA9852594001}.Debug|Any CPU.ActiveCfg = Debug|Any CPU
		{EBD38C9A-1FE3-40B2-A7C1-FA9852594001}.Debug|Any CPU.Build.0 = Debug|Any CPU
		{EBD38C9A-1FE3-40B2-A7C1-FA9852594001}.Debug|ARM.ActiveCfg = Debug|Any CPU
		{EBD38C9A-1FE3-40B2-A7C1-FA9852594001}.Debug|ARM.Build.0 = Debug|Any CPU
		{EBD38C9A-1FE3-40B2-A7C1-FA9852594001}.Debug|ARM64.ActiveCfg = Debug|Any CPU
		{EBD38C9A-1FE3-40B2-A7C1-FA9852594001}.Debug|ARM64.Build.0 = Debug|Any CPU
		{EBD38C9A-1FE3-40B2-A7C1-FA9852594001}.Debug|x64.ActiveCfg = Debug|Any CPU
		{EBD38C9A-1FE3-40B2-A7C1-FA9852594001}.Debug|x64.Build.0 = Debug|Any CPU
		{EBD38C9A-1FE3-40B2-A7C1-FA9852594001}.Debug|x86.ActiveCfg = Debug|Any CPU
		{EBD38C9A-1FE3-40B2-A7C1-FA9852594001}.Debug|x86.Build.0 = Debug|Any CPU
		{EBD38C9A-1FE3-40B2-A7C1-FA9852594001}.Release|Any CPU.ActiveCfg = Release|Any CPU
		{EBD38C9A-1FE3-40B2-A7C1-FA9852594001}.Release|Any CPU.Build.0 = Release|Any CPU
		{EBD38C9A-1FE3-40B2-A7C1-FA9852594001}.Release|ARM.ActiveCfg = Release|Any CPU
		{EBD38C9A-1FE3-40B2-A7C1-FA9852594001}.Release|ARM.Build.0 = Release|Any CPU
		{EBD38C9A-1FE3-40B2-A7C1-FA9852594001}.Release|ARM64.ActiveCfg = Release|Any CPU
		{EBD38C9A-1FE3-40B2-A7C1-FA9852594001}.Release|ARM64.Build.0 = Release|Any CPU
		{EBD38C9A-1FE3-40B2-A7C1-FA9852594001}.Release|x64.ActiveCfg = Release|Any CPU
		{EBD38C9A-1FE3-40B2-A7C1-FA9852594001}.Release|x64.Build.0 = Release|Any CPU
		{EBD38C9A-1FE3-40B2-A7C1-FA9852594001}.Release|x86.ActiveCfg = Release|Any CPU
		{EBD38C9A-1FE3-40B2-A7C1-FA9852594001}.Release|x86.Build.0 = Release|Any CPU
		{278A428D-3B1E-4A31-AFB0-1A247754ED0E}.Debug|Any CPU.ActiveCfg = Debug|Any CPU
		{278A428D-3B1E-4A31-AFB0-1A247754ED0E}.Debug|Any CPU.Build.0 = Debug|Any CPU
		{278A428D-3B1E-4A31-AFB0-1A247754ED0E}.Debug|ARM.ActiveCfg = Debug|Any CPU
		{278A428D-3B1E-4A31-AFB0-1A247754ED0E}.Debug|ARM.Build.0 = Debug|Any CPU
		{278A428D-3B1E-4A31-AFB0-1A247754ED0E}.Debug|ARM64.ActiveCfg = Debug|Any CPU
		{278A428D-3B1E-4A31-AFB0-1A247754ED0E}.Debug|ARM64.Build.0 = Debug|Any CPU
		{278A428D-3B1E-4A31-AFB0-1A247754ED0E}.Debug|x64.ActiveCfg = Debug|Any CPU
		{278A428D-3B1E-4A31-AFB0-1A247754ED0E}.Debug|x64.Build.0 = Debug|Any CPU
		{278A428D-3B1E-4A31-AFB0-1A247754ED0E}.Debug|x86.ActiveCfg = Debug|Any CPU
		{278A428D-3B1E-4A31-AFB0-1A247754ED0E}.Debug|x86.Build.0 = Debug|Any CPU
		{278A428D-3B1E-4A31-AFB0-1A247754ED0E}.Release|Any CPU.ActiveCfg = Release|Any CPU
		{278A428D-3B1E-4A31-AFB0-1A247754ED0E}.Release|Any CPU.Build.0 = Release|Any CPU
		{278A428D-3B1E-4A31-AFB0-1A247754ED0E}.Release|ARM.ActiveCfg = Release|Any CPU
		{278A428D-3B1E-4A31-AFB0-1A247754ED0E}.Release|ARM.Build.0 = Release|Any CPU
		{278A428D-3B1E-4A31-AFB0-1A247754ED0E}.Release|ARM64.ActiveCfg = Release|Any CPU
		{278A428D-3B1E-4A31-AFB0-1A247754ED0E}.Release|ARM64.Build.0 = Release|Any CPU
		{278A428D-3B1E-4A31-AFB0-1A247754ED0E}.Release|x64.ActiveCfg = Release|Any CPU
		{278A428D-3B1E-4A31-AFB0-1A247754ED0E}.Release|x64.Build.0 = Release|Any CPU
		{278A428D-3B1E-4A31-AFB0-1A247754ED0E}.Release|x86.ActiveCfg = Release|Any CPU
		{278A428D-3B1E-4A31-AFB0-1A247754ED0E}.Release|x86.Build.0 = Release|Any CPU
		{41ABC0A3-1E2C-4DB5-A7B8-B167B8F22110}.Debug|Any CPU.ActiveCfg = Debug|Any CPU
		{41ABC0A3-1E2C-4DB5-A7B8-B167B8F22110}.Debug|Any CPU.Build.0 = Debug|Any CPU
		{41ABC0A3-1E2C-4DB5-A7B8-B167B8F22110}.Debug|ARM.ActiveCfg = Debug|Any CPU
		{41ABC0A3-1E2C-4DB5-A7B8-B167B8F22110}.Debug|ARM.Build.0 = Debug|Any CPU
		{41ABC0A3-1E2C-4DB5-A7B8-B167B8F22110}.Debug|ARM64.ActiveCfg = Debug|Any CPU
		{41ABC0A3-1E2C-4DB5-A7B8-B167B8F22110}.Debug|ARM64.Build.0 = Debug|Any CPU
		{41ABC0A3-1E2C-4DB5-A7B8-B167B8F22110}.Debug|x64.ActiveCfg = Debug|Any CPU
		{41ABC0A3-1E2C-4DB5-A7B8-B167B8F22110}.Debug|x64.Build.0 = Debug|Any CPU
		{41ABC0A3-1E2C-4DB5-A7B8-B167B8F22110}.Debug|x86.ActiveCfg = Debug|Any CPU
		{41ABC0A3-1E2C-4DB5-A7B8-B167B8F22110}.Debug|x86.Build.0 = Debug|Any CPU
		{41ABC0A3-1E2C-4DB5-A7B8-B167B8F22110}.Release|Any CPU.ActiveCfg = Release|Any CPU
		{41ABC0A3-1E2C-4DB5-A7B8-B167B8F22110}.Release|Any CPU.Build.0 = Release|Any CPU
		{41ABC0A3-1E2C-4DB5-A7B8-B167B8F22110}.Release|ARM.ActiveCfg = Release|Any CPU
		{41ABC0A3-1E2C-4DB5-A7B8-B167B8F22110}.Release|ARM.Build.0 = Release|Any CPU
		{41ABC0A3-1E2C-4DB5-A7B8-B167B8F22110}.Release|ARM64.ActiveCfg = Release|Any CPU
		{41ABC0A3-1E2C-4DB5-A7B8-B167B8F22110}.Release|ARM64.Build.0 = Release|Any CPU
		{41ABC0A3-1E2C-4DB5-A7B8-B167B8F22110}.Release|x64.ActiveCfg = Release|Any CPU
		{41ABC0A3-1E2C-4DB5-A7B8-B167B8F22110}.Release|x64.Build.0 = Release|Any CPU
		{41ABC0A3-1E2C-4DB5-A7B8-B167B8F22110}.Release|x86.ActiveCfg = Release|Any CPU
		{41ABC0A3-1E2C-4DB5-A7B8-B167B8F22110}.Release|x86.Build.0 = Release|Any CPU
		{55B8CCA8-F3BE-49F2-8458-AB5211041FF3}.Debug|Any CPU.ActiveCfg = Debug|Any CPU
		{55B8CCA8-F3BE-49F2-8458-AB5211041FF3}.Debug|Any CPU.Build.0 = Debug|Any CPU
		{55B8CCA8-F3BE-49F2-8458-AB5211041FF3}.Debug|ARM.ActiveCfg = Debug|Any CPU
		{55B8CCA8-F3BE-49F2-8458-AB5211041FF3}.Debug|ARM.Build.0 = Debug|Any CPU
		{55B8CCA8-F3BE-49F2-8458-AB5211041FF3}.Debug|ARM64.ActiveCfg = Debug|Any CPU
		{55B8CCA8-F3BE-49F2-8458-AB5211041FF3}.Debug|ARM64.Build.0 = Debug|Any CPU
		{55B8CCA8-F3BE-49F2-8458-AB5211041FF3}.Debug|x64.ActiveCfg = Debug|Any CPU
		{55B8CCA8-F3BE-49F2-8458-AB5211041FF3}.Debug|x64.Build.0 = Debug|Any CPU
		{55B8CCA8-F3BE-49F2-8458-AB5211041FF3}.Debug|x86.ActiveCfg = Debug|Any CPU
		{55B8CCA8-F3BE-49F2-8458-AB5211041FF3}.Debug|x86.Build.0 = Debug|Any CPU
		{55B8CCA8-F3BE-49F2-8458-AB5211041FF3}.Release|Any CPU.ActiveCfg = Release|Any CPU
		{55B8CCA8-F3BE-49F2-8458-AB5211041FF3}.Release|Any CPU.Build.0 = Release|Any CPU
		{55B8CCA8-F3BE-49F2-8458-AB5211041FF3}.Release|ARM.ActiveCfg = Release|Any CPU
		{55B8CCA8-F3BE-49F2-8458-AB5211041FF3}.Release|ARM.Build.0 = Release|Any CPU
		{55B8CCA8-F3BE-49F2-8458-AB5211041FF3}.Release|ARM64.ActiveCfg = Release|Any CPU
		{55B8CCA8-F3BE-49F2-8458-AB5211041FF3}.Release|ARM64.Build.0 = Release|Any CPU
		{55B8CCA8-F3BE-49F2-8458-AB5211041FF3}.Release|x64.ActiveCfg = Release|Any CPU
		{55B8CCA8-F3BE-49F2-8458-AB5211041FF3}.Release|x64.Build.0 = Release|Any CPU
		{55B8CCA8-F3BE-49F2-8458-AB5211041FF3}.Release|x86.ActiveCfg = Release|Any CPU
		{55B8CCA8-F3BE-49F2-8458-AB5211041FF3}.Release|x86.Build.0 = Release|Any CPU
		{D11393F5-926B-4923-AAC6-72A11BFA7026}.Debug|Any CPU.ActiveCfg = Debug|Any CPU
		{D11393F5-926B-4923-AAC6-72A11BFA7026}.Debug|Any CPU.Build.0 = Debug|Any CPU
		{D11393F5-926B-4923-AAC6-72A11BFA7026}.Debug|ARM.ActiveCfg = Debug|Any CPU
		{D11393F5-926B-4923-AAC6-72A11BFA7026}.Debug|ARM.Build.0 = Debug|Any CPU
		{D11393F5-926B-4923-AAC6-72A11BFA7026}.Debug|ARM64.ActiveCfg = Debug|Any CPU
		{D11393F5-926B-4923-AAC6-72A11BFA7026}.Debug|ARM64.Build.0 = Debug|Any CPU
		{D11393F5-926B-4923-AAC6-72A11BFA7026}.Debug|x64.ActiveCfg = Debug|Any CPU
		{D11393F5-926B-4923-AAC6-72A11BFA7026}.Debug|x64.Build.0 = Debug|Any CPU
		{D11393F5-926B-4923-AAC6-72A11BFA7026}.Debug|x86.ActiveCfg = Debug|Any CPU
		{D11393F5-926B-4923-AAC6-72A11BFA7026}.Debug|x86.Build.0 = Debug|Any CPU
		{D11393F5-926B-4923-AAC6-72A11BFA7026}.Release|Any CPU.ActiveCfg = Release|Any CPU
		{D11393F5-926B-4923-AAC6-72A11BFA7026}.Release|Any CPU.Build.0 = Release|Any CPU
		{D11393F5-926B-4923-AAC6-72A11BFA7026}.Release|ARM.ActiveCfg = Release|Any CPU
		{D11393F5-926B-4923-AAC6-72A11BFA7026}.Release|ARM.Build.0 = Release|Any CPU
		{D11393F5-926B-4923-AAC6-72A11BFA7026}.Release|ARM64.ActiveCfg = Release|Any CPU
		{D11393F5-926B-4923-AAC6-72A11BFA7026}.Release|ARM64.Build.0 = Release|Any CPU
		{D11393F5-926B-4923-AAC6-72A11BFA7026}.Release|x64.ActiveCfg = Release|Any CPU
		{D11393F5-926B-4923-AAC6-72A11BFA7026}.Release|x64.Build.0 = Release|Any CPU
		{D11393F5-926B-4923-AAC6-72A11BFA7026}.Release|x86.ActiveCfg = Release|Any CPU
		{D11393F5-926B-4923-AAC6-72A11BFA7026}.Release|x86.Build.0 = Release|Any CPU
		{60945947-C299-4F53-B56F-575E48028D49}.Debug|Any CPU.ActiveCfg = Debug|Any CPU
		{60945947-C299-4F53-B56F-575E48028D49}.Debug|Any CPU.Build.0 = Debug|Any CPU
		{60945947-C299-4F53-B56F-575E48028D49}.Debug|ARM.ActiveCfg = Debug|Any CPU
		{60945947-C299-4F53-B56F-575E48028D49}.Debug|ARM.Build.0 = Debug|Any CPU
		{60945947-C299-4F53-B56F-575E48028D49}.Debug|ARM64.ActiveCfg = Debug|Any CPU
		{60945947-C299-4F53-B56F-575E48028D49}.Debug|ARM64.Build.0 = Debug|Any CPU
		{60945947-C299-4F53-B56F-575E48028D49}.Debug|x64.ActiveCfg = Debug|Any CPU
		{60945947-C299-4F53-B56F-575E48028D49}.Debug|x64.Build.0 = Debug|Any CPU
		{60945947-C299-4F53-B56F-575E48028D49}.Debug|x86.ActiveCfg = Debug|Any CPU
		{60945947-C299-4F53-B56F-575E48028D49}.Debug|x86.Build.0 = Debug|Any CPU
		{60945947-C299-4F53-B56F-575E48028D49}.Release|Any CPU.ActiveCfg = Release|Any CPU
		{60945947-C299-4F53-B56F-575E48028D49}.Release|Any CPU.Build.0 = Release|Any CPU
		{60945947-C299-4F53-B56F-575E48028D49}.Release|ARM.ActiveCfg = Release|Any CPU
		{60945947-C299-4F53-B56F-575E48028D49}.Release|ARM.Build.0 = Release|Any CPU
		{60945947-C299-4F53-B56F-575E48028D49}.Release|ARM64.ActiveCfg = Release|Any CPU
		{60945947-C299-4F53-B56F-575E48028D49}.Release|ARM64.Build.0 = Release|Any CPU
		{60945947-C299-4F53-B56F-575E48028D49}.Release|x64.ActiveCfg = Release|Any CPU
		{60945947-C299-4F53-B56F-575E48028D49}.Release|x64.Build.0 = Release|Any CPU
		{60945947-C299-4F53-B56F-575E48028D49}.Release|x86.ActiveCfg = Release|Any CPU
		{60945947-C299-4F53-B56F-575E48028D49}.Release|x86.Build.0 = Release|Any CPU
		{43F70F73-896E-4C8B-A832-1E55BFBF6DFF}.Debug|Any CPU.ActiveCfg = Debug|Any CPU
		{43F70F73-896E-4C8B-A832-1E55BFBF6DFF}.Debug|Any CPU.Build.0 = Debug|Any CPU
		{43F70F73-896E-4C8B-A832-1E55BFBF6DFF}.Debug|ARM.ActiveCfg = Debug|Any CPU
		{43F70F73-896E-4C8B-A832-1E55BFBF6DFF}.Debug|ARM.Build.0 = Debug|Any CPU
		{43F70F73-896E-4C8B-A832-1E55BFBF6DFF}.Debug|ARM64.ActiveCfg = Debug|Any CPU
		{43F70F73-896E-4C8B-A832-1E55BFBF6DFF}.Debug|ARM64.Build.0 = Debug|Any CPU
		{43F70F73-896E-4C8B-A832-1E55BFBF6DFF}.Debug|x64.ActiveCfg = Debug|Any CPU
		{43F70F73-896E-4C8B-A832-1E55BFBF6DFF}.Debug|x64.Build.0 = Debug|Any CPU
		{43F70F73-896E-4C8B-A832-1E55BFBF6DFF}.Debug|x86.ActiveCfg = Debug|Any CPU
		{43F70F73-896E-4C8B-A832-1E55BFBF6DFF}.Debug|x86.Build.0 = Debug|Any CPU
		{43F70F73-896E-4C8B-A832-1E55BFBF6DFF}.Release|Any CPU.ActiveCfg = Release|Any CPU
		{43F70F73-896E-4C8B-A832-1E55BFBF6DFF}.Release|Any CPU.Build.0 = Release|Any CPU
		{43F70F73-896E-4C8B-A832-1E55BFBF6DFF}.Release|ARM.ActiveCfg = Release|Any CPU
		{43F70F73-896E-4C8B-A832-1E55BFBF6DFF}.Release|ARM.Build.0 = Release|Any CPU
		{43F70F73-896E-4C8B-A832-1E55BFBF6DFF}.Release|ARM64.ActiveCfg = Release|Any CPU
		{43F70F73-896E-4C8B-A832-1E55BFBF6DFF}.Release|ARM64.Build.0 = Release|Any CPU
		{43F70F73-896E-4C8B-A832-1E55BFBF6DFF}.Release|x64.ActiveCfg = Release|Any CPU
		{43F70F73-896E-4C8B-A832-1E55BFBF6DFF}.Release|x64.Build.0 = Release|Any CPU
		{43F70F73-896E-4C8B-A832-1E55BFBF6DFF}.Release|x86.ActiveCfg = Release|Any CPU
		{43F70F73-896E-4C8B-A832-1E55BFBF6DFF}.Release|x86.Build.0 = Release|Any CPU
		{CD62E24D-D954-4612-B77B-7B091864FCC0}.Debug|Any CPU.ActiveCfg = Debug|Any CPU
		{CD62E24D-D954-4612-B77B-7B091864FCC0}.Debug|Any CPU.Build.0 = Debug|Any CPU
		{CD62E24D-D954-4612-B77B-7B091864FCC0}.Debug|ARM.ActiveCfg = Debug|Any CPU
		{CD62E24D-D954-4612-B77B-7B091864FCC0}.Debug|ARM.Build.0 = Debug|Any CPU
		{CD62E24D-D954-4612-B77B-7B091864FCC0}.Debug|ARM64.ActiveCfg = Debug|Any CPU
		{CD62E24D-D954-4612-B77B-7B091864FCC0}.Debug|ARM64.Build.0 = Debug|Any CPU
		{CD62E24D-D954-4612-B77B-7B091864FCC0}.Debug|x64.ActiveCfg = Debug|Any CPU
		{CD62E24D-D954-4612-B77B-7B091864FCC0}.Debug|x64.Build.0 = Debug|Any CPU
		{CD62E24D-D954-4612-B77B-7B091864FCC0}.Debug|x86.ActiveCfg = Debug|Any CPU
		{CD62E24D-D954-4612-B77B-7B091864FCC0}.Debug|x86.Build.0 = Debug|Any CPU
		{CD62E24D-D954-4612-B77B-7B091864FCC0}.Release|Any CPU.ActiveCfg = Release|Any CPU
		{CD62E24D-D954-4612-B77B-7B091864FCC0}.Release|Any CPU.Build.0 = Release|Any CPU
		{CD62E24D-D954-4612-B77B-7B091864FCC0}.Release|ARM.ActiveCfg = Release|Any CPU
		{CD62E24D-D954-4612-B77B-7B091864FCC0}.Release|ARM.Build.0 = Release|Any CPU
		{CD62E24D-D954-4612-B77B-7B091864FCC0}.Release|ARM64.ActiveCfg = Release|Any CPU
		{CD62E24D-D954-4612-B77B-7B091864FCC0}.Release|ARM64.Build.0 = Release|Any CPU
		{CD62E24D-D954-4612-B77B-7B091864FCC0}.Release|x64.ActiveCfg = Release|Any CPU
		{CD62E24D-D954-4612-B77B-7B091864FCC0}.Release|x64.Build.0 = Release|Any CPU
		{CD62E24D-D954-4612-B77B-7B091864FCC0}.Release|x86.ActiveCfg = Release|Any CPU
		{CD62E24D-D954-4612-B77B-7B091864FCC0}.Release|x86.Build.0 = Release|Any CPU
		{DB17605D-6C97-4395-B9E0-D01BE135C416}.Debug|Any CPU.ActiveCfg = Debug|Any CPU
		{DB17605D-6C97-4395-B9E0-D01BE135C416}.Debug|Any CPU.Build.0 = Debug|Any CPU
		{DB17605D-6C97-4395-B9E0-D01BE135C416}.Debug|ARM.ActiveCfg = Debug|Any CPU
		{DB17605D-6C97-4395-B9E0-D01BE135C416}.Debug|ARM.Build.0 = Debug|Any CPU
		{DB17605D-6C97-4395-B9E0-D01BE135C416}.Debug|ARM64.ActiveCfg = Debug|Any CPU
		{DB17605D-6C97-4395-B9E0-D01BE135C416}.Debug|ARM64.Build.0 = Debug|Any CPU
		{DB17605D-6C97-4395-B9E0-D01BE135C416}.Debug|x64.ActiveCfg = Debug|Any CPU
		{DB17605D-6C97-4395-B9E0-D01BE135C416}.Debug|x64.Build.0 = Debug|Any CPU
		{DB17605D-6C97-4395-B9E0-D01BE135C416}.Debug|x86.ActiveCfg = Debug|Any CPU
		{DB17605D-6C97-4395-B9E0-D01BE135C416}.Debug|x86.Build.0 = Debug|Any CPU
		{DB17605D-6C97-4395-B9E0-D01BE135C416}.Release|Any CPU.ActiveCfg = Release|Any CPU
		{DB17605D-6C97-4395-B9E0-D01BE135C416}.Release|Any CPU.Build.0 = Release|Any CPU
		{DB17605D-6C97-4395-B9E0-D01BE135C416}.Release|ARM.ActiveCfg = Release|Any CPU
		{DB17605D-6C97-4395-B9E0-D01BE135C416}.Release|ARM.Build.0 = Release|Any CPU
		{DB17605D-6C97-4395-B9E0-D01BE135C416}.Release|ARM64.ActiveCfg = Release|Any CPU
		{DB17605D-6C97-4395-B9E0-D01BE135C416}.Release|ARM64.Build.0 = Release|Any CPU
		{DB17605D-6C97-4395-B9E0-D01BE135C416}.Release|x64.ActiveCfg = Release|Any CPU
		{DB17605D-6C97-4395-B9E0-D01BE135C416}.Release|x64.Build.0 = Release|Any CPU
		{DB17605D-6C97-4395-B9E0-D01BE135C416}.Release|x86.ActiveCfg = Release|Any CPU
		{DB17605D-6C97-4395-B9E0-D01BE135C416}.Release|x86.Build.0 = Release|Any CPU
		{F33D4D0C-24D6-49E4-A1DD-53447E745617}.Debug|Any CPU.ActiveCfg = Debug|Any CPU
		{F33D4D0C-24D6-49E4-A1DD-53447E745617}.Debug|Any CPU.Build.0 = Debug|Any CPU
		{F33D4D0C-24D6-49E4-A1DD-53447E745617}.Debug|ARM.ActiveCfg = Debug|Any CPU
		{F33D4D0C-24D6-49E4-A1DD-53447E745617}.Debug|ARM.Build.0 = Debug|Any CPU
		{F33D4D0C-24D6-49E4-A1DD-53447E745617}.Debug|ARM64.ActiveCfg = Debug|Any CPU
		{F33D4D0C-24D6-49E4-A1DD-53447E745617}.Debug|ARM64.Build.0 = Debug|Any CPU
		{F33D4D0C-24D6-49E4-A1DD-53447E745617}.Debug|x64.ActiveCfg = Debug|Any CPU
		{F33D4D0C-24D6-49E4-A1DD-53447E745617}.Debug|x64.Build.0 = Debug|Any CPU
		{F33D4D0C-24D6-49E4-A1DD-53447E745617}.Debug|x86.ActiveCfg = Debug|Any CPU
		{F33D4D0C-24D6-49E4-A1DD-53447E745617}.Debug|x86.Build.0 = Debug|Any CPU
		{F33D4D0C-24D6-49E4-A1DD-53447E745617}.Release|Any CPU.ActiveCfg = Release|Any CPU
		{F33D4D0C-24D6-49E4-A1DD-53447E745617}.Release|Any CPU.Build.0 = Release|Any CPU
		{F33D4D0C-24D6-49E4-A1DD-53447E745617}.Release|ARM.ActiveCfg = Release|Any CPU
		{F33D4D0C-24D6-49E4-A1DD-53447E745617}.Release|ARM.Build.0 = Release|Any CPU
		{F33D4D0C-24D6-49E4-A1DD-53447E745617}.Release|ARM64.ActiveCfg = Release|Any CPU
		{F33D4D0C-24D6-49E4-A1DD-53447E745617}.Release|ARM64.Build.0 = Release|Any CPU
		{F33D4D0C-24D6-49E4-A1DD-53447E745617}.Release|x64.ActiveCfg = Release|Any CPU
		{F33D4D0C-24D6-49E4-A1DD-53447E745617}.Release|x64.Build.0 = Release|Any CPU
		{F33D4D0C-24D6-49E4-A1DD-53447E745617}.Release|x86.ActiveCfg = Release|Any CPU
		{F33D4D0C-24D6-49E4-A1DD-53447E745617}.Release|x86.Build.0 = Release|Any CPU
		{36E8A836-3C6D-4C13-BE73-0B224FBFBC7E}.Debug|Any CPU.ActiveCfg = Debug|Any CPU
		{36E8A836-3C6D-4C13-BE73-0B224FBFBC7E}.Debug|Any CPU.Build.0 = Debug|Any CPU
		{36E8A836-3C6D-4C13-BE73-0B224FBFBC7E}.Debug|ARM.ActiveCfg = Debug|Any CPU
		{36E8A836-3C6D-4C13-BE73-0B224FBFBC7E}.Debug|ARM.Build.0 = Debug|Any CPU
		{36E8A836-3C6D-4C13-BE73-0B224FBFBC7E}.Debug|ARM64.ActiveCfg = Debug|Any CPU
		{36E8A836-3C6D-4C13-BE73-0B224FBFBC7E}.Debug|ARM64.Build.0 = Debug|Any CPU
		{36E8A836-3C6D-4C13-BE73-0B224FBFBC7E}.Debug|x64.ActiveCfg = Debug|Any CPU
		{36E8A836-3C6D-4C13-BE73-0B224FBFBC7E}.Debug|x64.Build.0 = Debug|Any CPU
		{36E8A836-3C6D-4C13-BE73-0B224FBFBC7E}.Debug|x86.ActiveCfg = Debug|Any CPU
		{36E8A836-3C6D-4C13-BE73-0B224FBFBC7E}.Debug|x86.Build.0 = Debug|Any CPU
		{36E8A836-3C6D-4C13-BE73-0B224FBFBC7E}.Release|Any CPU.ActiveCfg = Release|Any CPU
		{36E8A836-3C6D-4C13-BE73-0B224FBFBC7E}.Release|Any CPU.Build.0 = Release|Any CPU
		{36E8A836-3C6D-4C13-BE73-0B224FBFBC7E}.Release|ARM.ActiveCfg = Release|Any CPU
		{36E8A836-3C6D-4C13-BE73-0B224FBFBC7E}.Release|ARM.Build.0 = Release|Any CPU
		{36E8A836-3C6D-4C13-BE73-0B224FBFBC7E}.Release|ARM64.ActiveCfg = Release|Any CPU
		{36E8A836-3C6D-4C13-BE73-0B224FBFBC7E}.Release|ARM64.Build.0 = Release|Any CPU
		{36E8A836-3C6D-4C13-BE73-0B224FBFBC7E}.Release|x64.ActiveCfg = Release|Any CPU
		{36E8A836-3C6D-4C13-BE73-0B224FBFBC7E}.Release|x64.Build.0 = Release|Any CPU
		{36E8A836-3C6D-4C13-BE73-0B224FBFBC7E}.Release|x86.ActiveCfg = Release|Any CPU
		{36E8A836-3C6D-4C13-BE73-0B224FBFBC7E}.Release|x86.Build.0 = Release|Any CPU
		{64E239D0-6804-44EB-BD3B-CD878A2A7514}.Debug|Any CPU.ActiveCfg = Debug|Any CPU
		{64E239D0-6804-44EB-BD3B-CD878A2A7514}.Debug|Any CPU.Build.0 = Debug|Any CPU
		{64E239D0-6804-44EB-BD3B-CD878A2A7514}.Debug|ARM.ActiveCfg = Debug|Any CPU
		{64E239D0-6804-44EB-BD3B-CD878A2A7514}.Debug|ARM.Build.0 = Debug|Any CPU
		{64E239D0-6804-44EB-BD3B-CD878A2A7514}.Debug|ARM64.ActiveCfg = Debug|Any CPU
		{64E239D0-6804-44EB-BD3B-CD878A2A7514}.Debug|ARM64.Build.0 = Debug|Any CPU
		{64E239D0-6804-44EB-BD3B-CD878A2A7514}.Debug|x64.ActiveCfg = Debug|Any CPU
		{64E239D0-6804-44EB-BD3B-CD878A2A7514}.Debug|x64.Build.0 = Debug|Any CPU
		{64E239D0-6804-44EB-BD3B-CD878A2A7514}.Debug|x86.ActiveCfg = Debug|Any CPU
		{64E239D0-6804-44EB-BD3B-CD878A2A7514}.Debug|x86.Build.0 = Debug|Any CPU
		{64E239D0-6804-44EB-BD3B-CD878A2A7514}.Release|Any CPU.ActiveCfg = Release|Any CPU
		{64E239D0-6804-44EB-BD3B-CD878A2A7514}.Release|Any CPU.Build.0 = Release|Any CPU
		{64E239D0-6804-44EB-BD3B-CD878A2A7514}.Release|ARM.ActiveCfg = Release|Any CPU
		{64E239D0-6804-44EB-BD3B-CD878A2A7514}.Release|ARM.Build.0 = Release|Any CPU
		{64E239D0-6804-44EB-BD3B-CD878A2A7514}.Release|ARM64.ActiveCfg = Release|Any CPU
		{64E239D0-6804-44EB-BD3B-CD878A2A7514}.Release|ARM64.Build.0 = Release|Any CPU
		{64E239D0-6804-44EB-BD3B-CD878A2A7514}.Release|x64.ActiveCfg = Release|Any CPU
		{64E239D0-6804-44EB-BD3B-CD878A2A7514}.Release|x64.Build.0 = Release|Any CPU
		{64E239D0-6804-44EB-BD3B-CD878A2A7514}.Release|x86.ActiveCfg = Release|Any CPU
		{64E239D0-6804-44EB-BD3B-CD878A2A7514}.Release|x86.Build.0 = Release|Any CPU
		{679176D4-5290-400B-A051-401FAB8B7206}.Debug|Any CPU.ActiveCfg = Debug|Any CPU
		{679176D4-5290-400B-A051-401FAB8B7206}.Debug|Any CPU.Build.0 = Debug|Any CPU
		{679176D4-5290-400B-A051-401FAB8B7206}.Debug|ARM.ActiveCfg = Debug|Any CPU
		{679176D4-5290-400B-A051-401FAB8B7206}.Debug|ARM.Build.0 = Debug|Any CPU
		{679176D4-5290-400B-A051-401FAB8B7206}.Debug|ARM64.ActiveCfg = Debug|Any CPU
		{679176D4-5290-400B-A051-401FAB8B7206}.Debug|ARM64.Build.0 = Debug|Any CPU
		{679176D4-5290-400B-A051-401FAB8B7206}.Debug|x64.ActiveCfg = Debug|Any CPU
		{679176D4-5290-400B-A051-401FAB8B7206}.Debug|x64.Build.0 = Debug|Any CPU
		{679176D4-5290-400B-A051-401FAB8B7206}.Debug|x86.ActiveCfg = Debug|Any CPU
		{679176D4-5290-400B-A051-401FAB8B7206}.Debug|x86.Build.0 = Debug|Any CPU
		{679176D4-5290-400B-A051-401FAB8B7206}.Release|Any CPU.ActiveCfg = Release|Any CPU
		{679176D4-5290-400B-A051-401FAB8B7206}.Release|Any CPU.Build.0 = Release|Any CPU
		{679176D4-5290-400B-A051-401FAB8B7206}.Release|ARM.ActiveCfg = Release|Any CPU
		{679176D4-5290-400B-A051-401FAB8B7206}.Release|ARM.Build.0 = Release|Any CPU
		{679176D4-5290-400B-A051-401FAB8B7206}.Release|ARM64.ActiveCfg = Release|Any CPU
		{679176D4-5290-400B-A051-401FAB8B7206}.Release|ARM64.Build.0 = Release|Any CPU
		{679176D4-5290-400B-A051-401FAB8B7206}.Release|x64.ActiveCfg = Release|Any CPU
		{679176D4-5290-400B-A051-401FAB8B7206}.Release|x64.Build.0 = Release|Any CPU
		{679176D4-5290-400B-A051-401FAB8B7206}.Release|x86.ActiveCfg = Release|Any CPU
		{679176D4-5290-400B-A051-401FAB8B7206}.Release|x86.Build.0 = Release|Any CPU
		{198381D6-50DB-4C45-86E9-986B7893C9B8}.Debug|Any CPU.ActiveCfg = Debug|Any CPU
		{198381D6-50DB-4C45-86E9-986B7893C9B8}.Debug|Any CPU.Build.0 = Debug|Any CPU
		{198381D6-50DB-4C45-86E9-986B7893C9B8}.Debug|ARM.ActiveCfg = Debug|Any CPU
		{198381D6-50DB-4C45-86E9-986B7893C9B8}.Debug|ARM.Build.0 = Debug|Any CPU
		{198381D6-50DB-4C45-86E9-986B7893C9B8}.Debug|ARM64.ActiveCfg = Debug|Any CPU
		{198381D6-50DB-4C45-86E9-986B7893C9B8}.Debug|ARM64.Build.0 = Debug|Any CPU
		{198381D6-50DB-4C45-86E9-986B7893C9B8}.Debug|x64.ActiveCfg = Debug|Any CPU
		{198381D6-50DB-4C45-86E9-986B7893C9B8}.Debug|x64.Build.0 = Debug|Any CPU
		{198381D6-50DB-4C45-86E9-986B7893C9B8}.Debug|x86.ActiveCfg = Debug|Any CPU
		{198381D6-50DB-4C45-86E9-986B7893C9B8}.Debug|x86.Build.0 = Debug|Any CPU
		{198381D6-50DB-4C45-86E9-986B7893C9B8}.Release|Any CPU.ActiveCfg = Release|Any CPU
		{198381D6-50DB-4C45-86E9-986B7893C9B8}.Release|Any CPU.Build.0 = Release|Any CPU
		{198381D6-50DB-4C45-86E9-986B7893C9B8}.Release|ARM.ActiveCfg = Release|Any CPU
		{198381D6-50DB-4C45-86E9-986B7893C9B8}.Release|ARM.Build.0 = Release|Any CPU
		{198381D6-50DB-4C45-86E9-986B7893C9B8}.Release|ARM64.ActiveCfg = Release|Any CPU
		{198381D6-50DB-4C45-86E9-986B7893C9B8}.Release|ARM64.Build.0 = Release|Any CPU
		{198381D6-50DB-4C45-86E9-986B7893C9B8}.Release|x64.ActiveCfg = Release|Any CPU
		{198381D6-50DB-4C45-86E9-986B7893C9B8}.Release|x64.Build.0 = Release|Any CPU
		{198381D6-50DB-4C45-86E9-986B7893C9B8}.Release|x86.ActiveCfg = Release|Any CPU
		{198381D6-50DB-4C45-86E9-986B7893C9B8}.Release|x86.Build.0 = Release|Any CPU
		{6E1A5321-C064-406D-A0A4-0EE8B3423F36}.Debug|Any CPU.ActiveCfg = Debug|Any CPU
		{6E1A5321-C064-406D-A0A4-0EE8B3423F36}.Debug|Any CPU.Build.0 = Debug|Any CPU
		{6E1A5321-C064-406D-A0A4-0EE8B3423F36}.Debug|ARM.ActiveCfg = Debug|Any CPU
		{6E1A5321-C064-406D-A0A4-0EE8B3423F36}.Debug|ARM.Build.0 = Debug|Any CPU
		{6E1A5321-C064-406D-A0A4-0EE8B3423F36}.Debug|ARM64.ActiveCfg = Debug|Any CPU
		{6E1A5321-C064-406D-A0A4-0EE8B3423F36}.Debug|ARM64.Build.0 = Debug|Any CPU
		{6E1A5321-C064-406D-A0A4-0EE8B3423F36}.Debug|x64.ActiveCfg = Debug|Any CPU
		{6E1A5321-C064-406D-A0A4-0EE8B3423F36}.Debug|x64.Build.0 = Debug|Any CPU
		{6E1A5321-C064-406D-A0A4-0EE8B3423F36}.Debug|x86.ActiveCfg = Debug|Any CPU
		{6E1A5321-C064-406D-A0A4-0EE8B3423F36}.Debug|x86.Build.0 = Debug|Any CPU
		{6E1A5321-C064-406D-A0A4-0EE8B3423F36}.Release|Any CPU.ActiveCfg = Release|Any CPU
		{6E1A5321-C064-406D-A0A4-0EE8B3423F36}.Release|Any CPU.Build.0 = Release|Any CPU
		{6E1A5321-C064-406D-A0A4-0EE8B3423F36}.Release|ARM.ActiveCfg = Release|Any CPU
		{6E1A5321-C064-406D-A0A4-0EE8B3423F36}.Release|ARM.Build.0 = Release|Any CPU
		{6E1A5321-C064-406D-A0A4-0EE8B3423F36}.Release|ARM64.ActiveCfg = Release|Any CPU
		{6E1A5321-C064-406D-A0A4-0EE8B3423F36}.Release|ARM64.Build.0 = Release|Any CPU
		{6E1A5321-C064-406D-A0A4-0EE8B3423F36}.Release|x64.ActiveCfg = Release|Any CPU
		{6E1A5321-C064-406D-A0A4-0EE8B3423F36}.Release|x64.Build.0 = Release|Any CPU
		{6E1A5321-C064-406D-A0A4-0EE8B3423F36}.Release|x86.ActiveCfg = Release|Any CPU
		{6E1A5321-C064-406D-A0A4-0EE8B3423F36}.Release|x86.Build.0 = Release|Any CPU
		{E32517B8-8D8D-404B-8CF7-603481E72B16}.Debug|Any CPU.ActiveCfg = Debug|Any CPU
		{E32517B8-8D8D-404B-8CF7-603481E72B16}.Debug|Any CPU.Build.0 = Debug|Any CPU
		{E32517B8-8D8D-404B-8CF7-603481E72B16}.Debug|ARM.ActiveCfg = Debug|Any CPU
		{E32517B8-8D8D-404B-8CF7-603481E72B16}.Debug|ARM.Build.0 = Debug|Any CPU
		{E32517B8-8D8D-404B-8CF7-603481E72B16}.Debug|ARM64.ActiveCfg = Debug|Any CPU
		{E32517B8-8D8D-404B-8CF7-603481E72B16}.Debug|ARM64.Build.0 = Debug|Any CPU
		{E32517B8-8D8D-404B-8CF7-603481E72B16}.Debug|x64.ActiveCfg = Debug|Any CPU
		{E32517B8-8D8D-404B-8CF7-603481E72B16}.Debug|x64.Build.0 = Debug|Any CPU
		{E32517B8-8D8D-404B-8CF7-603481E72B16}.Debug|x86.ActiveCfg = Debug|Any CPU
		{E32517B8-8D8D-404B-8CF7-603481E72B16}.Debug|x86.Build.0 = Debug|Any CPU
		{E32517B8-8D8D-404B-8CF7-603481E72B16}.Release|Any CPU.ActiveCfg = Release|Any CPU
		{E32517B8-8D8D-404B-8CF7-603481E72B16}.Release|Any CPU.Build.0 = Release|Any CPU
		{E32517B8-8D8D-404B-8CF7-603481E72B16}.Release|ARM.ActiveCfg = Release|Any CPU
		{E32517B8-8D8D-404B-8CF7-603481E72B16}.Release|ARM.Build.0 = Release|Any CPU
		{E32517B8-8D8D-404B-8CF7-603481E72B16}.Release|ARM64.ActiveCfg = Release|Any CPU
		{E32517B8-8D8D-404B-8CF7-603481E72B16}.Release|ARM64.Build.0 = Release|Any CPU
		{E32517B8-8D8D-404B-8CF7-603481E72B16}.Release|x64.ActiveCfg = Release|Any CPU
		{E32517B8-8D8D-404B-8CF7-603481E72B16}.Release|x64.Build.0 = Release|Any CPU
		{E32517B8-8D8D-404B-8CF7-603481E72B16}.Release|x86.ActiveCfg = Release|Any CPU
		{E32517B8-8D8D-404B-8CF7-603481E72B16}.Release|x86.Build.0 = Release|Any CPU
		{702168AC-1461-4FF7-8668-2A4A605F193A}.Debug|Any CPU.ActiveCfg = Debug|Any CPU
		{702168AC-1461-4FF7-8668-2A4A605F193A}.Debug|Any CPU.Build.0 = Debug|Any CPU
		{702168AC-1461-4FF7-8668-2A4A605F193A}.Debug|ARM.ActiveCfg = Debug|Any CPU
		{702168AC-1461-4FF7-8668-2A4A605F193A}.Debug|ARM.Build.0 = Debug|Any CPU
		{702168AC-1461-4FF7-8668-2A4A605F193A}.Debug|ARM64.ActiveCfg = Debug|Any CPU
		{702168AC-1461-4FF7-8668-2A4A605F193A}.Debug|ARM64.Build.0 = Debug|Any CPU
		{702168AC-1461-4FF7-8668-2A4A605F193A}.Debug|x64.ActiveCfg = Debug|Any CPU
		{702168AC-1461-4FF7-8668-2A4A605F193A}.Debug|x64.Build.0 = Debug|Any CPU
		{702168AC-1461-4FF7-8668-2A4A605F193A}.Debug|x86.ActiveCfg = Debug|Any CPU
		{702168AC-1461-4FF7-8668-2A4A605F193A}.Debug|x86.Build.0 = Debug|Any CPU
		{702168AC-1461-4FF7-8668-2A4A605F193A}.Release|Any CPU.ActiveCfg = Release|Any CPU
		{702168AC-1461-4FF7-8668-2A4A605F193A}.Release|Any CPU.Build.0 = Release|Any CPU
		{702168AC-1461-4FF7-8668-2A4A605F193A}.Release|ARM.ActiveCfg = Release|Any CPU
		{702168AC-1461-4FF7-8668-2A4A605F193A}.Release|ARM.Build.0 = Release|Any CPU
		{702168AC-1461-4FF7-8668-2A4A605F193A}.Release|ARM64.ActiveCfg = Release|Any CPU
		{702168AC-1461-4FF7-8668-2A4A605F193A}.Release|ARM64.Build.0 = Release|Any CPU
		{702168AC-1461-4FF7-8668-2A4A605F193A}.Release|x64.ActiveCfg = Release|Any CPU
		{702168AC-1461-4FF7-8668-2A4A605F193A}.Release|x64.Build.0 = Release|Any CPU
		{702168AC-1461-4FF7-8668-2A4A605F193A}.Release|x86.ActiveCfg = Release|Any CPU
		{702168AC-1461-4FF7-8668-2A4A605F193A}.Release|x86.Build.0 = Release|Any CPU
		{F4B4969E-52A0-429B-A806-771D264CD439}.Debug|Any CPU.ActiveCfg = Debug|Any CPU
		{F4B4969E-52A0-429B-A806-771D264CD439}.Debug|Any CPU.Build.0 = Debug|Any CPU
		{F4B4969E-52A0-429B-A806-771D264CD439}.Debug|ARM.ActiveCfg = Debug|Any CPU
		{F4B4969E-52A0-429B-A806-771D264CD439}.Debug|ARM.Build.0 = Debug|Any CPU
		{F4B4969E-52A0-429B-A806-771D264CD439}.Debug|ARM64.ActiveCfg = Debug|Any CPU
		{F4B4969E-52A0-429B-A806-771D264CD439}.Debug|ARM64.Build.0 = Debug|Any CPU
		{F4B4969E-52A0-429B-A806-771D264CD439}.Debug|x64.ActiveCfg = Debug|Any CPU
		{F4B4969E-52A0-429B-A806-771D264CD439}.Debug|x64.Build.0 = Debug|Any CPU
		{F4B4969E-52A0-429B-A806-771D264CD439}.Debug|x86.ActiveCfg = Debug|Any CPU
		{F4B4969E-52A0-429B-A806-771D264CD439}.Debug|x86.Build.0 = Debug|Any CPU
		{F4B4969E-52A0-429B-A806-771D264CD439}.Release|Any CPU.ActiveCfg = Release|Any CPU
		{F4B4969E-52A0-429B-A806-771D264CD439}.Release|Any CPU.Build.0 = Release|Any CPU
		{F4B4969E-52A0-429B-A806-771D264CD439}.Release|ARM.ActiveCfg = Release|Any CPU
		{F4B4969E-52A0-429B-A806-771D264CD439}.Release|ARM.Build.0 = Release|Any CPU
		{F4B4969E-52A0-429B-A806-771D264CD439}.Release|ARM64.ActiveCfg = Release|Any CPU
		{F4B4969E-52A0-429B-A806-771D264CD439}.Release|ARM64.Build.0 = Release|Any CPU
		{F4B4969E-52A0-429B-A806-771D264CD439}.Release|x64.ActiveCfg = Release|Any CPU
		{F4B4969E-52A0-429B-A806-771D264CD439}.Release|x64.Build.0 = Release|Any CPU
		{F4B4969E-52A0-429B-A806-771D264CD439}.Release|x86.ActiveCfg = Release|Any CPU
		{F4B4969E-52A0-429B-A806-771D264CD439}.Release|x86.Build.0 = Release|Any CPU
		{71D8C233-C054-474C-ABB7-407873EB1A3C}.Debug|Any CPU.ActiveCfg = Debug|Any CPU
		{71D8C233-C054-474C-ABB7-407873EB1A3C}.Debug|Any CPU.Build.0 = Debug|Any CPU
		{71D8C233-C054-474C-ABB7-407873EB1A3C}.Debug|ARM.ActiveCfg = Debug|Any CPU
		{71D8C233-C054-474C-ABB7-407873EB1A3C}.Debug|ARM.Build.0 = Debug|Any CPU
		{71D8C233-C054-474C-ABB7-407873EB1A3C}.Debug|ARM64.ActiveCfg = Debug|Any CPU
		{71D8C233-C054-474C-ABB7-407873EB1A3C}.Debug|ARM64.Build.0 = Debug|Any CPU
		{71D8C233-C054-474C-ABB7-407873EB1A3C}.Debug|x64.ActiveCfg = Debug|Any CPU
		{71D8C233-C054-474C-ABB7-407873EB1A3C}.Debug|x64.Build.0 = Debug|Any CPU
		{71D8C233-C054-474C-ABB7-407873EB1A3C}.Debug|x86.ActiveCfg = Debug|Any CPU
		{71D8C233-C054-474C-ABB7-407873EB1A3C}.Debug|x86.Build.0 = Debug|Any CPU
		{71D8C233-C054-474C-ABB7-407873EB1A3C}.Release|Any CPU.ActiveCfg = Release|Any CPU
		{71D8C233-C054-474C-ABB7-407873EB1A3C}.Release|Any CPU.Build.0 = Release|Any CPU
		{71D8C233-C054-474C-ABB7-407873EB1A3C}.Release|ARM.ActiveCfg = Release|Any CPU
		{71D8C233-C054-474C-ABB7-407873EB1A3C}.Release|ARM.Build.0 = Release|Any CPU
		{71D8C233-C054-474C-ABB7-407873EB1A3C}.Release|ARM64.ActiveCfg = Release|Any CPU
		{71D8C233-C054-474C-ABB7-407873EB1A3C}.Release|ARM64.Build.0 = Release|Any CPU
		{71D8C233-C054-474C-ABB7-407873EB1A3C}.Release|x64.ActiveCfg = Release|Any CPU
		{71D8C233-C054-474C-ABB7-407873EB1A3C}.Release|x64.Build.0 = Release|Any CPU
		{71D8C233-C054-474C-ABB7-407873EB1A3C}.Release|x86.ActiveCfg = Release|Any CPU
		{71D8C233-C054-474C-ABB7-407873EB1A3C}.Release|x86.Build.0 = Release|Any CPU
		{E0D997F2-74E7-4E5D-842B-E13B60FD20B9}.Debug|Any CPU.ActiveCfg = Debug|Any CPU
		{E0D997F2-74E7-4E5D-842B-E13B60FD20B9}.Debug|Any CPU.Build.0 = Debug|Any CPU
		{E0D997F2-74E7-4E5D-842B-E13B60FD20B9}.Debug|ARM.ActiveCfg = Debug|Any CPU
		{E0D997F2-74E7-4E5D-842B-E13B60FD20B9}.Debug|ARM.Build.0 = Debug|Any CPU
		{E0D997F2-74E7-4E5D-842B-E13B60FD20B9}.Debug|ARM64.ActiveCfg = Debug|Any CPU
		{E0D997F2-74E7-4E5D-842B-E13B60FD20B9}.Debug|ARM64.Build.0 = Debug|Any CPU
		{E0D997F2-74E7-4E5D-842B-E13B60FD20B9}.Debug|x64.ActiveCfg = Debug|Any CPU
		{E0D997F2-74E7-4E5D-842B-E13B60FD20B9}.Debug|x64.Build.0 = Debug|Any CPU
		{E0D997F2-74E7-4E5D-842B-E13B60FD20B9}.Debug|x86.ActiveCfg = Debug|Any CPU
		{E0D997F2-74E7-4E5D-842B-E13B60FD20B9}.Debug|x86.Build.0 = Debug|Any CPU
		{E0D997F2-74E7-4E5D-842B-E13B60FD20B9}.Release|Any CPU.ActiveCfg = Release|Any CPU
		{E0D997F2-74E7-4E5D-842B-E13B60FD20B9}.Release|Any CPU.Build.0 = Release|Any CPU
		{E0D997F2-74E7-4E5D-842B-E13B60FD20B9}.Release|ARM.ActiveCfg = Release|Any CPU
		{E0D997F2-74E7-4E5D-842B-E13B60FD20B9}.Release|ARM.Build.0 = Release|Any CPU
		{E0D997F2-74E7-4E5D-842B-E13B60FD20B9}.Release|ARM64.ActiveCfg = Release|Any CPU
		{E0D997F2-74E7-4E5D-842B-E13B60FD20B9}.Release|ARM64.Build.0 = Release|Any CPU
		{E0D997F2-74E7-4E5D-842B-E13B60FD20B9}.Release|x64.ActiveCfg = Release|Any CPU
		{E0D997F2-74E7-4E5D-842B-E13B60FD20B9}.Release|x64.Build.0 = Release|Any CPU
		{E0D997F2-74E7-4E5D-842B-E13B60FD20B9}.Release|x86.ActiveCfg = Release|Any CPU
		{E0D997F2-74E7-4E5D-842B-E13B60FD20B9}.Release|x86.Build.0 = Release|Any CPU
		{D2DD70C6-EB32-4358-9F86-B28B505488EF}.Debug|Any CPU.ActiveCfg = Debug|Any CPU
		{D2DD70C6-EB32-4358-9F86-B28B505488EF}.Debug|Any CPU.Build.0 = Debug|Any CPU
		{D2DD70C6-EB32-4358-9F86-B28B505488EF}.Debug|ARM.ActiveCfg = Debug|Any CPU
		{D2DD70C6-EB32-4358-9F86-B28B505488EF}.Debug|ARM.Build.0 = Debug|Any CPU
		{D2DD70C6-EB32-4358-9F86-B28B505488EF}.Debug|ARM64.ActiveCfg = Debug|Any CPU
		{D2DD70C6-EB32-4358-9F86-B28B505488EF}.Debug|ARM64.Build.0 = Debug|Any CPU
		{D2DD70C6-EB32-4358-9F86-B28B505488EF}.Debug|x64.ActiveCfg = Debug|Any CPU
		{D2DD70C6-EB32-4358-9F86-B28B505488EF}.Debug|x64.Build.0 = Debug|Any CPU
		{D2DD70C6-EB32-4358-9F86-B28B505488EF}.Debug|x86.ActiveCfg = Debug|Any CPU
		{D2DD70C6-EB32-4358-9F86-B28B505488EF}.Debug|x86.Build.0 = Debug|Any CPU
		{D2DD70C6-EB32-4358-9F86-B28B505488EF}.Release|Any CPU.ActiveCfg = Release|Any CPU
		{D2DD70C6-EB32-4358-9F86-B28B505488EF}.Release|Any CPU.Build.0 = Release|Any CPU
		{D2DD70C6-EB32-4358-9F86-B28B505488EF}.Release|ARM.ActiveCfg = Release|Any CPU
		{D2DD70C6-EB32-4358-9F86-B28B505488EF}.Release|ARM.Build.0 = Release|Any CPU
		{D2DD70C6-EB32-4358-9F86-B28B505488EF}.Release|ARM64.ActiveCfg = Release|Any CPU
		{D2DD70C6-EB32-4358-9F86-B28B505488EF}.Release|ARM64.Build.0 = Release|Any CPU
		{D2DD70C6-EB32-4358-9F86-B28B505488EF}.Release|x64.ActiveCfg = Release|Any CPU
		{D2DD70C6-EB32-4358-9F86-B28B505488EF}.Release|x64.Build.0 = Release|Any CPU
		{D2DD70C6-EB32-4358-9F86-B28B505488EF}.Release|x86.ActiveCfg = Release|Any CPU
		{D2DD70C6-EB32-4358-9F86-B28B505488EF}.Release|x86.Build.0 = Release|Any CPU
		{DD872E04-E664-4CC4-9717-67309099D83A}.Debug|Any CPU.ActiveCfg = Debug|Any CPU
		{DD872E04-E664-4CC4-9717-67309099D83A}.Debug|Any CPU.Build.0 = Debug|Any CPU
		{DD872E04-E664-4CC4-9717-67309099D83A}.Debug|ARM.ActiveCfg = Debug|Any CPU
		{DD872E04-E664-4CC4-9717-67309099D83A}.Debug|ARM.Build.0 = Debug|Any CPU
		{DD872E04-E664-4CC4-9717-67309099D83A}.Debug|ARM64.ActiveCfg = Debug|Any CPU
		{DD872E04-E664-4CC4-9717-67309099D83A}.Debug|ARM64.Build.0 = Debug|Any CPU
		{DD872E04-E664-4CC4-9717-67309099D83A}.Debug|x64.ActiveCfg = Debug|Any CPU
		{DD872E04-E664-4CC4-9717-67309099D83A}.Debug|x64.Build.0 = Debug|Any CPU
		{DD872E04-E664-4CC4-9717-67309099D83A}.Debug|x86.ActiveCfg = Debug|Any CPU
		{DD872E04-E664-4CC4-9717-67309099D83A}.Debug|x86.Build.0 = Debug|Any CPU
		{DD872E04-E664-4CC4-9717-67309099D83A}.Release|Any CPU.ActiveCfg = Release|Any CPU
		{DD872E04-E664-4CC4-9717-67309099D83A}.Release|Any CPU.Build.0 = Release|Any CPU
		{DD872E04-E664-4CC4-9717-67309099D83A}.Release|ARM.ActiveCfg = Release|Any CPU
		{DD872E04-E664-4CC4-9717-67309099D83A}.Release|ARM.Build.0 = Release|Any CPU
		{DD872E04-E664-4CC4-9717-67309099D83A}.Release|ARM64.ActiveCfg = Release|Any CPU
		{DD872E04-E664-4CC4-9717-67309099D83A}.Release|ARM64.Build.0 = Release|Any CPU
		{DD872E04-E664-4CC4-9717-67309099D83A}.Release|x64.ActiveCfg = Release|Any CPU
		{DD872E04-E664-4CC4-9717-67309099D83A}.Release|x64.Build.0 = Release|Any CPU
		{DD872E04-E664-4CC4-9717-67309099D83A}.Release|x86.ActiveCfg = Release|Any CPU
		{DD872E04-E664-4CC4-9717-67309099D83A}.Release|x86.Build.0 = Release|Any CPU
		{D6AC0B7E-C836-4689-BC77-DB491EEF488A}.Debug|Any CPU.ActiveCfg = Debug|Any CPU
		{D6AC0B7E-C836-4689-BC77-DB491EEF488A}.Debug|Any CPU.Build.0 = Debug|Any CPU
		{D6AC0B7E-C836-4689-BC77-DB491EEF488A}.Debug|ARM.ActiveCfg = Debug|Any CPU
		{D6AC0B7E-C836-4689-BC77-DB491EEF488A}.Debug|ARM.Build.0 = Debug|Any CPU
		{D6AC0B7E-C836-4689-BC77-DB491EEF488A}.Debug|ARM64.ActiveCfg = Debug|Any CPU
		{D6AC0B7E-C836-4689-BC77-DB491EEF488A}.Debug|ARM64.Build.0 = Debug|Any CPU
		{D6AC0B7E-C836-4689-BC77-DB491EEF488A}.Debug|x64.ActiveCfg = Debug|Any CPU
		{D6AC0B7E-C836-4689-BC77-DB491EEF488A}.Debug|x64.Build.0 = Debug|Any CPU
		{D6AC0B7E-C836-4689-BC77-DB491EEF488A}.Debug|x86.ActiveCfg = Debug|Any CPU
		{D6AC0B7E-C836-4689-BC77-DB491EEF488A}.Debug|x86.Build.0 = Debug|Any CPU
		{D6AC0B7E-C836-4689-BC77-DB491EEF488A}.Release|Any CPU.ActiveCfg = Release|Any CPU
		{D6AC0B7E-C836-4689-BC77-DB491EEF488A}.Release|Any CPU.Build.0 = Release|Any CPU
		{D6AC0B7E-C836-4689-BC77-DB491EEF488A}.Release|ARM.ActiveCfg = Release|Any CPU
		{D6AC0B7E-C836-4689-BC77-DB491EEF488A}.Release|ARM.Build.0 = Release|Any CPU
		{D6AC0B7E-C836-4689-BC77-DB491EEF488A}.Release|ARM64.ActiveCfg = Release|Any CPU
		{D6AC0B7E-C836-4689-BC77-DB491EEF488A}.Release|ARM64.Build.0 = Release|Any CPU
		{D6AC0B7E-C836-4689-BC77-DB491EEF488A}.Release|x64.ActiveCfg = Release|Any CPU
		{D6AC0B7E-C836-4689-BC77-DB491EEF488A}.Release|x64.Build.0 = Release|Any CPU
		{D6AC0B7E-C836-4689-BC77-DB491EEF488A}.Release|x86.ActiveCfg = Release|Any CPU
		{D6AC0B7E-C836-4689-BC77-DB491EEF488A}.Release|x86.Build.0 = Release|Any CPU
		{014FBF75-DBFE-4677-BBA0-1F35B8C24ADA}.Debug|Any CPU.ActiveCfg = Debug|Any CPU
		{014FBF75-DBFE-4677-BBA0-1F35B8C24ADA}.Debug|Any CPU.Build.0 = Debug|Any CPU
		{014FBF75-DBFE-4677-BBA0-1F35B8C24ADA}.Debug|ARM.ActiveCfg = Debug|Any CPU
		{014FBF75-DBFE-4677-BBA0-1F35B8C24ADA}.Debug|ARM.Build.0 = Debug|Any CPU
		{014FBF75-DBFE-4677-BBA0-1F35B8C24ADA}.Debug|ARM64.ActiveCfg = Debug|Any CPU
		{014FBF75-DBFE-4677-BBA0-1F35B8C24ADA}.Debug|ARM64.Build.0 = Debug|Any CPU
		{014FBF75-DBFE-4677-BBA0-1F35B8C24ADA}.Debug|x64.ActiveCfg = Debug|Any CPU
		{014FBF75-DBFE-4677-BBA0-1F35B8C24ADA}.Debug|x64.Build.0 = Debug|Any CPU
		{014FBF75-DBFE-4677-BBA0-1F35B8C24ADA}.Debug|x86.ActiveCfg = Debug|Any CPU
		{014FBF75-DBFE-4677-BBA0-1F35B8C24ADA}.Debug|x86.Build.0 = Debug|Any CPU
		{014FBF75-DBFE-4677-BBA0-1F35B8C24ADA}.Release|Any CPU.ActiveCfg = Release|Any CPU
		{014FBF75-DBFE-4677-BBA0-1F35B8C24ADA}.Release|Any CPU.Build.0 = Release|Any CPU
		{014FBF75-DBFE-4677-BBA0-1F35B8C24ADA}.Release|ARM.ActiveCfg = Release|Any CPU
		{014FBF75-DBFE-4677-BBA0-1F35B8C24ADA}.Release|ARM.Build.0 = Release|Any CPU
		{014FBF75-DBFE-4677-BBA0-1F35B8C24ADA}.Release|ARM64.ActiveCfg = Release|Any CPU
		{014FBF75-DBFE-4677-BBA0-1F35B8C24ADA}.Release|ARM64.Build.0 = Release|Any CPU
		{014FBF75-DBFE-4677-BBA0-1F35B8C24ADA}.Release|x64.ActiveCfg = Release|Any CPU
		{014FBF75-DBFE-4677-BBA0-1F35B8C24ADA}.Release|x64.Build.0 = Release|Any CPU
		{014FBF75-DBFE-4677-BBA0-1F35B8C24ADA}.Release|x86.ActiveCfg = Release|Any CPU
		{014FBF75-DBFE-4677-BBA0-1F35B8C24ADA}.Release|x86.Build.0 = Release|Any CPU
		{89630067-8D92-4AB2-8231-338D7DBCB76A}.Debug|Any CPU.ActiveCfg = Debug|Any CPU
		{89630067-8D92-4AB2-8231-338D7DBCB76A}.Debug|Any CPU.Build.0 = Debug|Any CPU
		{89630067-8D92-4AB2-8231-338D7DBCB76A}.Debug|ARM.ActiveCfg = Debug|Any CPU
		{89630067-8D92-4AB2-8231-338D7DBCB76A}.Debug|ARM.Build.0 = Debug|Any CPU
		{89630067-8D92-4AB2-8231-338D7DBCB76A}.Debug|ARM64.ActiveCfg = Debug|Any CPU
		{89630067-8D92-4AB2-8231-338D7DBCB76A}.Debug|ARM64.Build.0 = Debug|Any CPU
		{89630067-8D92-4AB2-8231-338D7DBCB76A}.Debug|x64.ActiveCfg = Debug|Any CPU
		{89630067-8D92-4AB2-8231-338D7DBCB76A}.Debug|x64.Build.0 = Debug|Any CPU
		{89630067-8D92-4AB2-8231-338D7DBCB76A}.Debug|x86.ActiveCfg = Debug|Any CPU
		{89630067-8D92-4AB2-8231-338D7DBCB76A}.Debug|x86.Build.0 = Debug|Any CPU
		{89630067-8D92-4AB2-8231-338D7DBCB76A}.Release|Any CPU.ActiveCfg = Release|Any CPU
		{89630067-8D92-4AB2-8231-338D7DBCB76A}.Release|Any CPU.Build.0 = Release|Any CPU
		{89630067-8D92-4AB2-8231-338D7DBCB76A}.Release|ARM.ActiveCfg = Release|Any CPU
		{89630067-8D92-4AB2-8231-338D7DBCB76A}.Release|ARM.Build.0 = Release|Any CPU
		{89630067-8D92-4AB2-8231-338D7DBCB76A}.Release|ARM64.ActiveCfg = Release|Any CPU
		{89630067-8D92-4AB2-8231-338D7DBCB76A}.Release|ARM64.Build.0 = Release|Any CPU
		{89630067-8D92-4AB2-8231-338D7DBCB76A}.Release|x64.ActiveCfg = Release|Any CPU
		{89630067-8D92-4AB2-8231-338D7DBCB76A}.Release|x64.Build.0 = Release|Any CPU
		{89630067-8D92-4AB2-8231-338D7DBCB76A}.Release|x86.ActiveCfg = Release|Any CPU
		{89630067-8D92-4AB2-8231-338D7DBCB76A}.Release|x86.Build.0 = Release|Any CPU
		{B9E8A6F7-1F18-4D71-A1BC-CEAC58932162}.Debug|Any CPU.ActiveCfg = Debug|Any CPU
		{B9E8A6F7-1F18-4D71-A1BC-CEAC58932162}.Debug|Any CPU.Build.0 = Debug|Any CPU
		{B9E8A6F7-1F18-4D71-A1BC-CEAC58932162}.Debug|ARM.ActiveCfg = Debug|Any CPU
		{B9E8A6F7-1F18-4D71-A1BC-CEAC58932162}.Debug|ARM.Build.0 = Debug|Any CPU
		{B9E8A6F7-1F18-4D71-A1BC-CEAC58932162}.Debug|ARM64.ActiveCfg = Debug|Any CPU
		{B9E8A6F7-1F18-4D71-A1BC-CEAC58932162}.Debug|ARM64.Build.0 = Debug|Any CPU
		{B9E8A6F7-1F18-4D71-A1BC-CEAC58932162}.Debug|x64.ActiveCfg = Debug|Any CPU
		{B9E8A6F7-1F18-4D71-A1BC-CEAC58932162}.Debug|x64.Build.0 = Debug|Any CPU
		{B9E8A6F7-1F18-4D71-A1BC-CEAC58932162}.Debug|x86.ActiveCfg = Debug|Any CPU
		{B9E8A6F7-1F18-4D71-A1BC-CEAC58932162}.Debug|x86.Build.0 = Debug|Any CPU
		{B9E8A6F7-1F18-4D71-A1BC-CEAC58932162}.Release|Any CPU.ActiveCfg = Release|Any CPU
		{B9E8A6F7-1F18-4D71-A1BC-CEAC58932162}.Release|Any CPU.Build.0 = Release|Any CPU
		{B9E8A6F7-1F18-4D71-A1BC-CEAC58932162}.Release|ARM.ActiveCfg = Release|Any CPU
		{B9E8A6F7-1F18-4D71-A1BC-CEAC58932162}.Release|ARM.Build.0 = Release|Any CPU
		{B9E8A6F7-1F18-4D71-A1BC-CEAC58932162}.Release|ARM64.ActiveCfg = Release|Any CPU
		{B9E8A6F7-1F18-4D71-A1BC-CEAC58932162}.Release|ARM64.Build.0 = Release|Any CPU
		{B9E8A6F7-1F18-4D71-A1BC-CEAC58932162}.Release|x64.ActiveCfg = Release|Any CPU
		{B9E8A6F7-1F18-4D71-A1BC-CEAC58932162}.Release|x64.Build.0 = Release|Any CPU
		{B9E8A6F7-1F18-4D71-A1BC-CEAC58932162}.Release|x86.ActiveCfg = Release|Any CPU
		{B9E8A6F7-1F18-4D71-A1BC-CEAC58932162}.Release|x86.Build.0 = Release|Any CPU
		{97BEBA78-7237-495C-AE3D-12DAD3132C14}.Debug|Any CPU.ActiveCfg = Debug|Any CPU
		{97BEBA78-7237-495C-AE3D-12DAD3132C14}.Debug|Any CPU.Build.0 = Debug|Any CPU
		{97BEBA78-7237-495C-AE3D-12DAD3132C14}.Debug|ARM.ActiveCfg = Debug|Any CPU
		{97BEBA78-7237-495C-AE3D-12DAD3132C14}.Debug|ARM.Build.0 = Debug|Any CPU
		{97BEBA78-7237-495C-AE3D-12DAD3132C14}.Debug|ARM64.ActiveCfg = Debug|Any CPU
		{97BEBA78-7237-495C-AE3D-12DAD3132C14}.Debug|ARM64.Build.0 = Debug|Any CPU
		{97BEBA78-7237-495C-AE3D-12DAD3132C14}.Debug|x64.ActiveCfg = Debug|Any CPU
		{97BEBA78-7237-495C-AE3D-12DAD3132C14}.Debug|x64.Build.0 = Debug|Any CPU
		{97BEBA78-7237-495C-AE3D-12DAD3132C14}.Debug|x86.ActiveCfg = Debug|Any CPU
		{97BEBA78-7237-495C-AE3D-12DAD3132C14}.Debug|x86.Build.0 = Debug|Any CPU
		{97BEBA78-7237-495C-AE3D-12DAD3132C14}.Release|Any CPU.ActiveCfg = Release|Any CPU
		{97BEBA78-7237-495C-AE3D-12DAD3132C14}.Release|Any CPU.Build.0 = Release|Any CPU
		{97BEBA78-7237-495C-AE3D-12DAD3132C14}.Release|ARM.ActiveCfg = Release|Any CPU
		{97BEBA78-7237-495C-AE3D-12DAD3132C14}.Release|ARM.Build.0 = Release|Any CPU
		{97BEBA78-7237-495C-AE3D-12DAD3132C14}.Release|ARM64.ActiveCfg = Release|Any CPU
		{97BEBA78-7237-495C-AE3D-12DAD3132C14}.Release|ARM64.Build.0 = Release|Any CPU
		{97BEBA78-7237-495C-AE3D-12DAD3132C14}.Release|x64.ActiveCfg = Release|Any CPU
		{97BEBA78-7237-495C-AE3D-12DAD3132C14}.Release|x64.Build.0 = Release|Any CPU
		{97BEBA78-7237-495C-AE3D-12DAD3132C14}.Release|x86.ActiveCfg = Release|Any CPU
		{97BEBA78-7237-495C-AE3D-12DAD3132C14}.Release|x86.Build.0 = Release|Any CPU
		{06853D3B-4D2F-4BC5-B988-9F5CB86A553B}.Debug|Any CPU.ActiveCfg = Debug|Any CPU
		{06853D3B-4D2F-4BC5-B988-9F5CB86A553B}.Debug|Any CPU.Build.0 = Debug|Any CPU
		{06853D3B-4D2F-4BC5-B988-9F5CB86A553B}.Debug|ARM.ActiveCfg = Debug|Any CPU
		{06853D3B-4D2F-4BC5-B988-9F5CB86A553B}.Debug|ARM.Build.0 = Debug|Any CPU
		{06853D3B-4D2F-4BC5-B988-9F5CB86A553B}.Debug|ARM64.ActiveCfg = Debug|Any CPU
		{06853D3B-4D2F-4BC5-B988-9F5CB86A553B}.Debug|ARM64.Build.0 = Debug|Any CPU
		{06853D3B-4D2F-4BC5-B988-9F5CB86A553B}.Debug|x64.ActiveCfg = Debug|Any CPU
		{06853D3B-4D2F-4BC5-B988-9F5CB86A553B}.Debug|x64.Build.0 = Debug|Any CPU
		{06853D3B-4D2F-4BC5-B988-9F5CB86A553B}.Debug|x86.ActiveCfg = Debug|Any CPU
		{06853D3B-4D2F-4BC5-B988-9F5CB86A553B}.Debug|x86.Build.0 = Debug|Any CPU
		{06853D3B-4D2F-4BC5-B988-9F5CB86A553B}.Release|Any CPU.ActiveCfg = Release|Any CPU
		{06853D3B-4D2F-4BC5-B988-9F5CB86A553B}.Release|Any CPU.Build.0 = Release|Any CPU
		{06853D3B-4D2F-4BC5-B988-9F5CB86A553B}.Release|ARM.ActiveCfg = Release|Any CPU
		{06853D3B-4D2F-4BC5-B988-9F5CB86A553B}.Release|ARM.Build.0 = Release|Any CPU
		{06853D3B-4D2F-4BC5-B988-9F5CB86A553B}.Release|ARM64.ActiveCfg = Release|Any CPU
		{06853D3B-4D2F-4BC5-B988-9F5CB86A553B}.Release|ARM64.Build.0 = Release|Any CPU
		{06853D3B-4D2F-4BC5-B988-9F5CB86A553B}.Release|x64.ActiveCfg = Release|Any CPU
		{06853D3B-4D2F-4BC5-B988-9F5CB86A553B}.Release|x64.Build.0 = Release|Any CPU
		{06853D3B-4D2F-4BC5-B988-9F5CB86A553B}.Release|x86.ActiveCfg = Release|Any CPU
		{06853D3B-4D2F-4BC5-B988-9F5CB86A553B}.Release|x86.Build.0 = Release|Any CPU
		{EC3C0D28-3230-4988-877B-2786BBCE42B8}.Debug|Any CPU.ActiveCfg = Debug|Any CPU
		{EC3C0D28-3230-4988-877B-2786BBCE42B8}.Debug|Any CPU.Build.0 = Debug|Any CPU
		{EC3C0D28-3230-4988-877B-2786BBCE42B8}.Debug|ARM.ActiveCfg = Debug|Any CPU
		{EC3C0D28-3230-4988-877B-2786BBCE42B8}.Debug|ARM.Build.0 = Debug|Any CPU
		{EC3C0D28-3230-4988-877B-2786BBCE42B8}.Debug|ARM64.ActiveCfg = Debug|Any CPU
		{EC3C0D28-3230-4988-877B-2786BBCE42B8}.Debug|ARM64.Build.0 = Debug|Any CPU
		{EC3C0D28-3230-4988-877B-2786BBCE42B8}.Debug|x64.ActiveCfg = Debug|Any CPU
		{EC3C0D28-3230-4988-877B-2786BBCE42B8}.Debug|x64.Build.0 = Debug|Any CPU
		{EC3C0D28-3230-4988-877B-2786BBCE42B8}.Debug|x86.ActiveCfg = Debug|Any CPU
		{EC3C0D28-3230-4988-877B-2786BBCE42B8}.Debug|x86.Build.0 = Debug|Any CPU
		{EC3C0D28-3230-4988-877B-2786BBCE42B8}.Release|Any CPU.ActiveCfg = Release|Any CPU
		{EC3C0D28-3230-4988-877B-2786BBCE42B8}.Release|Any CPU.Build.0 = Release|Any CPU
		{EC3C0D28-3230-4988-877B-2786BBCE42B8}.Release|ARM.ActiveCfg = Release|Any CPU
		{EC3C0D28-3230-4988-877B-2786BBCE42B8}.Release|ARM.Build.0 = Release|Any CPU
		{EC3C0D28-3230-4988-877B-2786BBCE42B8}.Release|ARM64.ActiveCfg = Release|Any CPU
		{EC3C0D28-3230-4988-877B-2786BBCE42B8}.Release|ARM64.Build.0 = Release|Any CPU
		{EC3C0D28-3230-4988-877B-2786BBCE42B8}.Release|x64.ActiveCfg = Release|Any CPU
		{EC3C0D28-3230-4988-877B-2786BBCE42B8}.Release|x64.Build.0 = Release|Any CPU
		{EC3C0D28-3230-4988-877B-2786BBCE42B8}.Release|x86.ActiveCfg = Release|Any CPU
		{EC3C0D28-3230-4988-877B-2786BBCE42B8}.Release|x86.Build.0 = Release|Any CPU
		{B17B154A-FE86-4415-83D7-3351BA635970}.Debug|Any CPU.ActiveCfg = Debug|Any CPU
		{B17B154A-FE86-4415-83D7-3351BA635970}.Debug|Any CPU.Build.0 = Debug|Any CPU
		{B17B154A-FE86-4415-83D7-3351BA635970}.Debug|ARM.ActiveCfg = Debug|Any CPU
		{B17B154A-FE86-4415-83D7-3351BA635970}.Debug|ARM.Build.0 = Debug|Any CPU
		{B17B154A-FE86-4415-83D7-3351BA635970}.Debug|ARM64.ActiveCfg = Debug|Any CPU
		{B17B154A-FE86-4415-83D7-3351BA635970}.Debug|ARM64.Build.0 = Debug|Any CPU
		{B17B154A-FE86-4415-83D7-3351BA635970}.Debug|x64.ActiveCfg = Debug|Any CPU
		{B17B154A-FE86-4415-83D7-3351BA635970}.Debug|x64.Build.0 = Debug|Any CPU
		{B17B154A-FE86-4415-83D7-3351BA635970}.Debug|x86.ActiveCfg = Debug|Any CPU
		{B17B154A-FE86-4415-83D7-3351BA635970}.Debug|x86.Build.0 = Debug|Any CPU
		{B17B154A-FE86-4415-83D7-3351BA635970}.Release|Any CPU.ActiveCfg = Release|Any CPU
		{B17B154A-FE86-4415-83D7-3351BA635970}.Release|Any CPU.Build.0 = Release|Any CPU
		{B17B154A-FE86-4415-83D7-3351BA635970}.Release|ARM.ActiveCfg = Release|Any CPU
		{B17B154A-FE86-4415-83D7-3351BA635970}.Release|ARM.Build.0 = Release|Any CPU
		{B17B154A-FE86-4415-83D7-3351BA635970}.Release|ARM64.ActiveCfg = Release|Any CPU
		{B17B154A-FE86-4415-83D7-3351BA635970}.Release|ARM64.Build.0 = Release|Any CPU
		{B17B154A-FE86-4415-83D7-3351BA635970}.Release|x64.ActiveCfg = Release|Any CPU
		{B17B154A-FE86-4415-83D7-3351BA635970}.Release|x64.Build.0 = Release|Any CPU
		{B17B154A-FE86-4415-83D7-3351BA635970}.Release|x86.ActiveCfg = Release|Any CPU
		{B17B154A-FE86-4415-83D7-3351BA635970}.Release|x86.Build.0 = Release|Any CPU
	EndGlobalSection
	GlobalSection(SolutionProperties) = preSolution
		HideSolutionNode = FALSE
	EndGlobalSection
	GlobalSection(NestedProjects) = preSolution
		{B14E6E69-B482-439A-B355-F251AA519230} = {81C0A5A3-BEE4-4B32-9F66-A2358464B7A5}
		{89D534B1-5D6E-4634-9369-E055E0451202} = {81C0A5A3-BEE4-4B32-9F66-A2358464B7A5}
		{BF3F1068-02F7-45CA-8973-9AC32A201FF6} = {81C0A5A3-BEE4-4B32-9F66-A2358464B7A5}
		{51152B5A-799E-468A-BFB7-8D44CA7EB34E} = {81C0A5A3-BEE4-4B32-9F66-A2358464B7A5}
		{65B3FC69-2BDA-4FD1-8A02-EDC73F02D8EF} = {81C0A5A3-BEE4-4B32-9F66-A2358464B7A5}
		{2B03EE4F-485F-4C7F-9581-C229FA6C3CB7} = {81C0A5A3-BEE4-4B32-9F66-A2358464B7A5}
		{334F02F8-3133-4290-99E7-BA6960A59B70} = {81C0A5A3-BEE4-4B32-9F66-A2358464B7A5}
		{9D2DAA0B-E2CC-48EE-AA13-51404361FB20} = {81C0A5A3-BEE4-4B32-9F66-A2358464B7A5}
		{49CB93A8-2DC2-4898-9D83-599C23D253B7} = {81C0A5A3-BEE4-4B32-9F66-A2358464B7A5}
		{AB6A3B75-39EC-48E7-9303-26A027558459} = {81C0A5A3-BEE4-4B32-9F66-A2358464B7A5}
		{FAE669A2-2548-4782-9D00-BEBBEF507064} = {81C0A5A3-BEE4-4B32-9F66-A2358464B7A5}
		{CC5B56D0-F743-4B2B-9D2E-D48327F6E754} = {81C0A5A3-BEE4-4B32-9F66-A2358464B7A5}
		{F7B4877F-8B72-4A67-8F75-3D086CF19B2C} = {89D54EEA-630E-4513-A239-F28050A13D7A}
		{24D844F8-9C5E-44BE-B798-0A460B0B5704} = {89D54EEA-630E-4513-A239-F28050A13D7A}
		{EBD38C9A-1FE3-40B2-A7C1-FA9852594001} = {89D54EEA-630E-4513-A239-F28050A13D7A}
		{278A428D-3B1E-4A31-AFB0-1A247754ED0E} = {89D54EEA-630E-4513-A239-F28050A13D7A}
		{41ABC0A3-1E2C-4DB5-A7B8-B167B8F22110} = {89D54EEA-630E-4513-A239-F28050A13D7A}
		{55B8CCA8-F3BE-49F2-8458-AB5211041FF3} = {39DFF5F3-2CBC-40E4-9B4F-F837C4BEA840}
		{D11393F5-926B-4923-AAC6-72A11BFA7026} = {39DFF5F3-2CBC-40E4-9B4F-F837C4BEA840}
		{60945947-C299-4F53-B56F-575E48028D49} = {39DFF5F3-2CBC-40E4-9B4F-F837C4BEA840}
		{43F70F73-896E-4C8B-A832-1E55BFBF6DFF} = {39DFF5F3-2CBC-40E4-9B4F-F837C4BEA840}
		{CD62E24D-D954-4612-B77B-7B091864FCC0} = {39DFF5F3-2CBC-40E4-9B4F-F837C4BEA840}
		{DB17605D-6C97-4395-B9E0-D01BE135C416} = {39DFF5F3-2CBC-40E4-9B4F-F837C4BEA840}
		{F33D4D0C-24D6-49E4-A1DD-53447E745617} = {74EE3A5B-B0B5-49B0-B971-A190594E24C1}
		{36E8A836-3C6D-4C13-BE73-0B224FBFBC7E} = {74EE3A5B-B0B5-49B0-B971-A190594E24C1}
		{64E239D0-6804-44EB-BD3B-CD878A2A7514} = {74EE3A5B-B0B5-49B0-B971-A190594E24C1}
		{679176D4-5290-400B-A051-401FAB8B7206} = {74EE3A5B-B0B5-49B0-B971-A190594E24C1}
		{198381D6-50DB-4C45-86E9-986B7893C9B8} = {74EE3A5B-B0B5-49B0-B971-A190594E24C1}
		{6E1A5321-C064-406D-A0A4-0EE8B3423F36} = {FD3EF453-C820-4896-9CA9-7C56D0B19750}
		{E32517B8-8D8D-404B-8CF7-603481E72B16} = {FD3EF453-C820-4896-9CA9-7C56D0B19750}
		{702168AC-1461-4FF7-8668-2A4A605F193A} = {FD3EF453-C820-4896-9CA9-7C56D0B19750}
		{F4B4969E-52A0-429B-A806-771D264CD439} = {FD3EF453-C820-4896-9CA9-7C56D0B19750}
		{71D8C233-C054-474C-ABB7-407873EB1A3C} = {38E1D633-4EF6-4CB0-AC3B-D79A6F6800CA}
		{E0D997F2-74E7-4E5D-842B-E13B60FD20B9} = {38E1D633-4EF6-4CB0-AC3B-D79A6F6800CA}
		{D2DD70C6-EB32-4358-9F86-B28B505488EF} = {38E1D633-4EF6-4CB0-AC3B-D79A6F6800CA}
		{DD872E04-E664-4CC4-9717-67309099D83A} = {CA6333C0-FE33-4C3D-85B4-40612B3B59E5}
		{D6AC0B7E-C836-4689-BC77-DB491EEF488A} = {CA6333C0-FE33-4C3D-85B4-40612B3B59E5}
		{014FBF75-DBFE-4677-BBA0-1F35B8C24ADA} = {CA6333C0-FE33-4C3D-85B4-40612B3B59E5}
		{89630067-8D92-4AB2-8231-338D7DBCB76A} = {725FA3E4-5F04-423D-9FA8-41EC32295831}
		{B9E8A6F7-1F18-4D71-A1BC-CEAC58932162} = {725FA3E4-5F04-423D-9FA8-41EC32295831}
		{97BEBA78-7237-495C-AE3D-12DAD3132C14} = {725FA3E4-5F04-423D-9FA8-41EC32295831}
		{06853D3B-4D2F-4BC5-B988-9F5CB86A553B} = {725FA3E4-5F04-423D-9FA8-41EC32295831}
		{EC3C0D28-3230-4988-877B-2786BBCE42B8} = {725FA3E4-5F04-423D-9FA8-41EC32295831}
		{B17B154A-FE86-4415-83D7-3351BA635970} = {725FA3E4-5F04-423D-9FA8-41EC32295831}
	EndGlobalSection
	GlobalSection(ExtensibilityGlobals) = postSolution
		SolutionGuid = {5E6A9871-B263-465F-B36C-6C1C2492F0FB}
	EndGlobalSection
EndGlobal
